// !$*UTF8*$!
{
	archiveVersion = 1;
	classes = {
	};
	objectVersion = 51;
	objects = {

/* Begin PBXBuildFile section */
		4C288C48262EC5F400145974 /* AllTeams.swift in Sources */ = {isa = PBXBuildFile; fileRef = 4C288C47262EC5F400145974 /* AllTeams.swift */; };
		4C288C5B262ECBF400145974 /* TeamsTableViewCell.swift in Sources */ = {isa = PBXBuildFile; fileRef = 4C288C5A262ECBF400145974 /* TeamsTableViewCell.swift */; };
		4C288C6B262F51E600145974 /* OneTeam.swift in Sources */ = {isa = PBXBuildFile; fileRef = 4C288C6A262F51E600145974 /* OneTeam.swift */; };
		4C3F2B06262E2EA800CFDD4E /* HomeCollectionViewCell.swift in Sources */ = {isa = PBXBuildFile; fileRef = 4C3F2B05262E2EA800CFDD4E /* HomeCollectionViewCell.swift */; };
		4C3F2B0B262E2EF500CFDD4E /* HomeViewController.swift in Sources */ = {isa = PBXBuildFile; fileRef = 4C3F2B0A262E2EF500CFDD4E /* HomeViewController.swift */; };
		4C3F2B11262E32D900CFDD4E /* AllSport.swift in Sources */ = {isa = PBXBuildFile; fileRef = 4C3F2B10262E32D900CFDD4E /* AllSport.swift */; };
		4C3F2B16262E396000CFDD4E /* HomeExtension.swift in Sources */ = {isa = PBXBuildFile; fileRef = 4C3F2B15262E396000CFDD4E /* HomeExtension.swift */; };
		4CE072E62630FB3900664CA7 /* WebViewController.swift in Sources */ = {isa = PBXBuildFile; fileRef = 4CE072E52630FB3900664CA7 /* WebViewController.swift */; };
		4CE072EB263107EE00664CA7 /* DetailsViewController.swift in Sources */ = {isa = PBXBuildFile; fileRef = 4CE072EA263107EE00664CA7 /* DetailsViewController.swift */; };
		4CE0733126311D1900664CA7 /* URLs.swift in Sources */ = {isa = PBXBuildFile; fileRef = 4CE0733026311D1900664CA7 /* URLs.swift */; };
		4CE073402631208E00664CA7 /* AllSportService.swift in Sources */ = {isa = PBXBuildFile; fileRef = 4CE0733F2631208E00664CA7 /* AllSportService.swift */; };
		4CE073542631240A00664CA7 /* AllSportsViewModel.swift in Sources */ = {isa = PBXBuildFile; fileRef = 4CE073532631240A00664CA7 /* AllSportsViewModel.swift */; };
		4CE07366263129A800664CA7 /* TeamDetailsViewModel.swift in Sources */ = {isa = PBXBuildFile; fileRef = 4CE07365263129A800664CA7 /* TeamDetailsViewModel.swift */; };
		4CE0736D263129FC00664CA7 /* TeamDetailsService.swift in Sources */ = {isa = PBXBuildFile; fileRef = 4CE0736C263129FC00664CA7 /* TeamDetailsService.swift */; };
		4CE073762631376800664CA7 /* AllTeamsViewModel.swift in Sources */ = {isa = PBXBuildFile; fileRef = 4CE073752631376800664CA7 /* AllTeamsViewModel.swift */; };
		4CE0737F2631382300664CA7 /* AllTeamsService.swift in Sources */ = {isa = PBXBuildFile; fileRef = 4CE0737E2631382300664CA7 /* AllTeamsService.swift */; };
		4CE0739A263187DB00664CA7 /* AllLeagues.swift in Sources */ = {isa = PBXBuildFile; fileRef = 4CE07399263187DB00664CA7 /* AllLeagues.swift */; };
		4CE073A02631893F00664CA7 /* FavoriteService.swift in Sources */ = {isa = PBXBuildFile; fileRef = 4CE0739F2631893F00664CA7 /* FavoriteService.swift */; };
		4CE073A626318EDB00664CA7 /* FavoriteViewModel.swift in Sources */ = {isa = PBXBuildFile; fileRef = 4CE073A526318EDB00664CA7 /* FavoriteViewModel.swift */; };
		4CE073AC2631905000664CA7 /* FavoriteTableViewController.swift in Sources */ = {isa = PBXBuildFile; fileRef = 4CE073AB2631905000664CA7 /* FavoriteTableViewController.swift */; };
		4CE073B12631935D00664CA7 /* FavoriteCustomCell.swift in Sources */ = {isa = PBXBuildFile; fileRef = 4CE073B02631935D00664CA7 /* FavoriteCustomCell.swift */; };
		4CFDEEC52631FAAF009D9669 /* Reachability.swift in Sources */ = {isa = PBXBuildFile; fileRef = 4CFDEEC42631FAAF009D9669 /* Reachability.swift */; };
		4CFDEED026320884009D9669 /* ActivityIndicatorView.swift in Sources */ = {isa = PBXBuildFile; fileRef = 4CFDEECF26320884009D9669 /* ActivityIndicatorView.swift */; };
		B47639A3DF3C9E566E561DB4 /* Pods_SportsApp.framework in Frameworks */ = {isa = PBXBuildFile; fileRef = A7F61F530B3D9740251F2053 /* Pods_SportsApp.framework */; };
		C21322FFA8D444E9241F94EF /* Pods_SportsAppTests.framework in Frameworks */ = {isa = PBXBuildFile; fileRef = 94D1235DD3CBED0D64444CBA /* Pods_SportsAppTests.framework */; };
		E28BC2B82BBBF3194E6E445E /* Pods_SportsApp_SportsAppUITests.framework in Frameworks */ = {isa = PBXBuildFile; fileRef = B09057006D9CC41986611885 /* Pods_SportsApp_SportsAppUITests.framework */; };
		E9594AA8262DD3AC00A9CF42 /* AppDelegate.swift in Sources */ = {isa = PBXBuildFile; fileRef = E9594AA7262DD3AC00A9CF42 /* AppDelegate.swift */; };
		E9594AAA262DD3AC00A9CF42 /* SceneDelegate.swift in Sources */ = {isa = PBXBuildFile; fileRef = E9594AA9262DD3AC00A9CF42 /* SceneDelegate.swift */; };
		E9594AAF262DD3AC00A9CF42 /* Main.storyboard in Resources */ = {isa = PBXBuildFile; fileRef = E9594AAD262DD3AC00A9CF42 /* Main.storyboard */; };
		E9594AB2262DD3AC00A9CF42 /* SportsApp.xcdatamodeld in Sources */ = {isa = PBXBuildFile; fileRef = E9594AB0262DD3AC00A9CF42 /* SportsApp.xcdatamodeld */; };
		E9594AB4262DD3B800A9CF42 /* Assets.xcassets in Resources */ = {isa = PBXBuildFile; fileRef = E9594AB3262DD3B800A9CF42 /* Assets.xcassets */; };
		E9594AB7262DD3B900A9CF42 /* LaunchScreen.storyboard in Resources */ = {isa = PBXBuildFile; fileRef = E9594AB5262DD3B900A9CF42 /* LaunchScreen.storyboard */; };
		E9594AC2262DD3BA00A9CF42 /* SportsAppTests.swift in Sources */ = {isa = PBXBuildFile; fileRef = E9594AC1262DD3BA00A9CF42 /* SportsAppTests.swift */; };
		E9594ACD262DD3BA00A9CF42 /* SportsAppUITests.swift in Sources */ = {isa = PBXBuildFile; fileRef = E9594ACC262DD3BA00A9CF42 /* SportsAppUITests.swift */; };
		E9637D0226334C150003E41B /* AllLeaguesService.swift in Sources */ = {isa = PBXBuildFile; fileRef = E9637D0126334C150003E41B /* AllLeaguesService.swift */; };
		E9637D0426334CD20003E41B /* AllLeague.swift in Sources */ = {isa = PBXBuildFile; fileRef = E9637D0326334CD10003E41B /* AllLeague.swift */; };
		E9637D0A263351790003E41B /* LeagueTableViewController.swift in Sources */ = {isa = PBXBuildFile; fileRef = E9637D09263351790003E41B /* LeagueTableViewController.swift */; };
		E9637D0C263358F10003E41B /* League.swift in Sources */ = {isa = PBXBuildFile; fileRef = E9637D0B263358F10003E41B /* League.swift */; };
		E9637D1426335E0A0003E41B /* AllLeaguesTableViewCell.swift in Sources */ = {isa = PBXBuildFile; fileRef = E9637D1326335E0A0003E41B /* AllLeaguesTableViewCell.swift */; };
		E9637D162633B7570003E41B /* Events.swift in Sources */ = {isa = PBXBuildFile; fileRef = E9637D152633B7570003E41B /* Events.swift */; };
		E9637D192633CB3D0003E41B /* EventsViewModel.swift in Sources */ = {isa = PBXBuildFile; fileRef = E9637D182633CB3D0003E41B /* EventsViewModel.swift */; };
		E9637D1B2633CB820003E41B /* LeagueDetailsTableViewController.swift in Sources */ = {isa = PBXBuildFile; fileRef = E9637D1A2633CB820003E41B /* LeagueDetailsTableViewController.swift */; };
		E9637D212633CC1B0003E41B /* EventsService.swift in Sources */ = {isa = PBXBuildFile; fileRef = E9637D202633CC1B0003E41B /* EventsService.swift */; };
		E9637D23263436FD0003E41B /* UpcomingTableViewCell.swift in Sources */ = {isa = PBXBuildFile; fileRef = E9637D22263436FD0003E41B /* UpcomingTableViewCell.swift */; };
		E9637D25263439710003E41B /* LastEventsTableViewCell.swift in Sources */ = {isa = PBXBuildFile; fileRef = E9637D24263439710003E41B /* LastEventsTableViewCell.swift */; };
		E9637D2A26348FB60003E41B /* AllLeaguesViewModel.swift in Sources */ = {isa = PBXBuildFile; fileRef = E9637D2926348FB60003E41B /* AllLeaguesViewModel.swift */; };
/* End PBXBuildFile section */

/* Begin PBXContainerItemProxy section */
		E9594ABE262DD3BA00A9CF42 /* PBXContainerItemProxy */ = {
			isa = PBXContainerItemProxy;
			containerPortal = E9594A9C262DD3AC00A9CF42 /* Project object */;
			proxyType = 1;
			remoteGlobalIDString = E9594AA3262DD3AC00A9CF42;
			remoteInfo = SportsApp;
		};
		E9594AC9262DD3BA00A9CF42 /* PBXContainerItemProxy */ = {
			isa = PBXContainerItemProxy;
			containerPortal = E9594A9C262DD3AC00A9CF42 /* Project object */;
			proxyType = 1;
			remoteGlobalIDString = E9594AA3262DD3AC00A9CF42;
			remoteInfo = SportsApp;
		};
/* End PBXContainerItemProxy section */

/* Begin PBXFileReference section */
		25D9DF183BADA4C07F84EC6B /* Pods-SportsApp.debug.xcconfig */ = {isa = PBXFileReference; includeInIndex = 1; lastKnownFileType = text.xcconfig; name = "Pods-SportsApp.debug.xcconfig"; path = "Target Support Files/Pods-SportsApp/Pods-SportsApp.debug.xcconfig"; sourceTree = "<group>"; };
		38E397674CA5340233A36ED2 /* Pods-SportsAppTests.release.xcconfig */ = {isa = PBXFileReference; includeInIndex = 1; lastKnownFileType = text.xcconfig; name = "Pods-SportsAppTests.release.xcconfig"; path = "Target Support Files/Pods-SportsAppTests/Pods-SportsAppTests.release.xcconfig"; sourceTree = "<group>"; };
		4C288C47262EC5F400145974 /* AllTeams.swift */ = {isa = PBXFileReference; lastKnownFileType = sourcecode.swift; path = AllTeams.swift; sourceTree = "<group>"; };
		4C288C5A262ECBF400145974 /* TeamsTableViewCell.swift */ = {isa = PBXFileReference; lastKnownFileType = sourcecode.swift; path = TeamsTableViewCell.swift; sourceTree = "<group>"; };
		4C288C6A262F51E600145974 /* OneTeam.swift */ = {isa = PBXFileReference; lastKnownFileType = sourcecode.swift; path = OneTeam.swift; sourceTree = "<group>"; };
		4C3F2B05262E2EA800CFDD4E /* HomeCollectionViewCell.swift */ = {isa = PBXFileReference; lastKnownFileType = sourcecode.swift; path = HomeCollectionViewCell.swift; sourceTree = "<group>"; };
		4C3F2B0A262E2EF500CFDD4E /* HomeViewController.swift */ = {isa = PBXFileReference; lastKnownFileType = sourcecode.swift; path = HomeViewController.swift; sourceTree = "<group>"; };
		4C3F2B10262E32D900CFDD4E /* AllSport.swift */ = {isa = PBXFileReference; lastKnownFileType = sourcecode.swift; path = AllSport.swift; sourceTree = "<group>"; };
		4C3F2B15262E396000CFDD4E /* HomeExtension.swift */ = {isa = PBXFileReference; lastKnownFileType = sourcecode.swift; path = HomeExtension.swift; sourceTree = "<group>"; };
		4CBDFC8A262E836C000098E9 /* Alamofire.framework */ = {isa = PBXFileReference; explicitFileType = wrapper.framework; path = Alamofire.framework; sourceTree = BUILT_PRODUCTS_DIR; };
		4CE072E52630FB3900664CA7 /* WebViewController.swift */ = {isa = PBXFileReference; lastKnownFileType = sourcecode.swift; path = WebViewController.swift; sourceTree = "<group>"; };
		4CE072EA263107EE00664CA7 /* DetailsViewController.swift */ = {isa = PBXFileReference; lastKnownFileType = sourcecode.swift; path = DetailsViewController.swift; sourceTree = "<group>"; };
		4CE0733026311D1900664CA7 /* URLs.swift */ = {isa = PBXFileReference; lastKnownFileType = sourcecode.swift; path = URLs.swift; sourceTree = "<group>"; };
		4CE0733F2631208E00664CA7 /* AllSportService.swift */ = {isa = PBXFileReference; lastKnownFileType = sourcecode.swift; path = AllSportService.swift; sourceTree = "<group>"; };
		4CE073532631240A00664CA7 /* AllSportsViewModel.swift */ = {isa = PBXFileReference; lastKnownFileType = sourcecode.swift; path = AllSportsViewModel.swift; sourceTree = "<group>"; };
		4CE07365263129A800664CA7 /* TeamDetailsViewModel.swift */ = {isa = PBXFileReference; lastKnownFileType = sourcecode.swift; path = TeamDetailsViewModel.swift; sourceTree = "<group>"; };
		4CE0736C263129FC00664CA7 /* TeamDetailsService.swift */ = {isa = PBXFileReference; lastKnownFileType = sourcecode.swift; path = TeamDetailsService.swift; sourceTree = "<group>"; };
		4CE073752631376800664CA7 /* AllTeamsViewModel.swift */ = {isa = PBXFileReference; lastKnownFileType = sourcecode.swift; path = AllTeamsViewModel.swift; sourceTree = "<group>"; };
		4CE0737E2631382300664CA7 /* AllTeamsService.swift */ = {isa = PBXFileReference; lastKnownFileType = sourcecode.swift; path = AllTeamsService.swift; sourceTree = "<group>"; };
		4CE07399263187DB00664CA7 /* AllLeagues.swift */ = {isa = PBXFileReference; lastKnownFileType = sourcecode.swift; path = AllLeagues.swift; sourceTree = "<group>"; };
		4CE0739F2631893F00664CA7 /* FavoriteService.swift */ = {isa = PBXFileReference; lastKnownFileType = sourcecode.swift; path = FavoriteService.swift; sourceTree = "<group>"; };
		4CE073A526318EDB00664CA7 /* FavoriteViewModel.swift */ = {isa = PBXFileReference; lastKnownFileType = sourcecode.swift; path = FavoriteViewModel.swift; sourceTree = "<group>"; };
		4CE073AB2631905000664CA7 /* FavoriteTableViewController.swift */ = {isa = PBXFileReference; lastKnownFileType = sourcecode.swift; path = FavoriteTableViewController.swift; sourceTree = "<group>"; };
		4CE073B02631935D00664CA7 /* FavoriteCustomCell.swift */ = {isa = PBXFileReference; lastKnownFileType = sourcecode.swift; path = FavoriteCustomCell.swift; sourceTree = "<group>"; };
		4CFDEEC42631FAAF009D9669 /* Reachability.swift */ = {isa = PBXFileReference; lastKnownFileType = sourcecode.swift; path = Reachability.swift; sourceTree = "<group>"; };
		4CFDEECF26320884009D9669 /* ActivityIndicatorView.swift */ = {isa = PBXFileReference; lastKnownFileType = sourcecode.swift; path = ActivityIndicatorView.swift; sourceTree = "<group>"; };
		578EFDA3D5ED5E5FB582A3D4 /* Pods-SportsApp-SportsAppUITests.debug.xcconfig */ = {isa = PBXFileReference; includeInIndex = 1; lastKnownFileType = text.xcconfig; name = "Pods-SportsApp-SportsAppUITests.debug.xcconfig"; path = "Target Support Files/Pods-SportsApp-SportsAppUITests/Pods-SportsApp-SportsAppUITests.debug.xcconfig"; sourceTree = "<group>"; };
		678D3F266F384F3587438C96 /* Pods-SportsAppTests.debug.xcconfig */ = {isa = PBXFileReference; includeInIndex = 1; lastKnownFileType = text.xcconfig; name = "Pods-SportsAppTests.debug.xcconfig"; path = "Target Support Files/Pods-SportsAppTests/Pods-SportsAppTests.debug.xcconfig"; sourceTree = "<group>"; };
		6AD4F6B6FEA95354F240F6A4 /* Pods-SportsApp-SportsAppUITests.release.xcconfig */ = {isa = PBXFileReference; includeInIndex = 1; lastKnownFileType = text.xcconfig; name = "Pods-SportsApp-SportsAppUITests.release.xcconfig"; path = "Target Support Files/Pods-SportsApp-SportsAppUITests/Pods-SportsApp-SportsAppUITests.release.xcconfig"; sourceTree = "<group>"; };
		94D1235DD3CBED0D64444CBA /* Pods_SportsAppTests.framework */ = {isa = PBXFileReference; explicitFileType = wrapper.framework; includeInIndex = 0; path = Pods_SportsAppTests.framework; sourceTree = BUILT_PRODUCTS_DIR; };
		A5CBF6AD43EC328761A977E1 /* Pods-SportsApp.release.xcconfig */ = {isa = PBXFileReference; includeInIndex = 1; lastKnownFileType = text.xcconfig; name = "Pods-SportsApp.release.xcconfig"; path = "Target Support Files/Pods-SportsApp/Pods-SportsApp.release.xcconfig"; sourceTree = "<group>"; };
		A7F61F530B3D9740251F2053 /* Pods_SportsApp.framework */ = {isa = PBXFileReference; explicitFileType = wrapper.framework; includeInIndex = 0; path = Pods_SportsApp.framework; sourceTree = BUILT_PRODUCTS_DIR; };
		B09057006D9CC41986611885 /* Pods_SportsApp_SportsAppUITests.framework */ = {isa = PBXFileReference; explicitFileType = wrapper.framework; includeInIndex = 0; path = Pods_SportsApp_SportsAppUITests.framework; sourceTree = BUILT_PRODUCTS_DIR; };
		E9594AA4262DD3AC00A9CF42 /* SportsApp.app */ = {isa = PBXFileReference; explicitFileType = wrapper.application; includeInIndex = 0; path = SportsApp.app; sourceTree = BUILT_PRODUCTS_DIR; };
		E9594AA7262DD3AC00A9CF42 /* AppDelegate.swift */ = {isa = PBXFileReference; lastKnownFileType = sourcecode.swift; path = AppDelegate.swift; sourceTree = "<group>"; };
		E9594AA9262DD3AC00A9CF42 /* SceneDelegate.swift */ = {isa = PBXFileReference; lastKnownFileType = sourcecode.swift; path = SceneDelegate.swift; sourceTree = "<group>"; };
		E9594AAE262DD3AC00A9CF42 /* Base */ = {isa = PBXFileReference; lastKnownFileType = file.storyboard; name = Base; path = Base.lproj/Main.storyboard; sourceTree = "<group>"; };
		E9594AB1262DD3AC00A9CF42 /* SportsApp.xcdatamodel */ = {isa = PBXFileReference; lastKnownFileType = wrapper.xcdatamodel; path = SportsApp.xcdatamodel; sourceTree = "<group>"; };
		E9594AB3262DD3B800A9CF42 /* Assets.xcassets */ = {isa = PBXFileReference; lastKnownFileType = folder.assetcatalog; path = Assets.xcassets; sourceTree = "<group>"; };
		E9594AB6262DD3B900A9CF42 /* Base */ = {isa = PBXFileReference; lastKnownFileType = file.storyboard; name = Base; path = Base.lproj/LaunchScreen.storyboard; sourceTree = "<group>"; };
		E9594AB8262DD3B900A9CF42 /* Info.plist */ = {isa = PBXFileReference; lastKnownFileType = text.plist.xml; path = Info.plist; sourceTree = "<group>"; };
		E9594ABD262DD3BA00A9CF42 /* SportsAppTests.xctest */ = {isa = PBXFileReference; explicitFileType = wrapper.cfbundle; includeInIndex = 0; path = SportsAppTests.xctest; sourceTree = BUILT_PRODUCTS_DIR; };
		E9594AC1262DD3BA00A9CF42 /* SportsAppTests.swift */ = {isa = PBXFileReference; lastKnownFileType = sourcecode.swift; path = SportsAppTests.swift; sourceTree = "<group>"; };
		E9594AC3262DD3BA00A9CF42 /* Info.plist */ = {isa = PBXFileReference; lastKnownFileType = text.plist.xml; path = Info.plist; sourceTree = "<group>"; };
		E9594AC8262DD3BA00A9CF42 /* SportsAppUITests.xctest */ = {isa = PBXFileReference; explicitFileType = wrapper.cfbundle; includeInIndex = 0; path = SportsAppUITests.xctest; sourceTree = BUILT_PRODUCTS_DIR; };
		E9594ACC262DD3BA00A9CF42 /* SportsAppUITests.swift */ = {isa = PBXFileReference; lastKnownFileType = sourcecode.swift; path = SportsAppUITests.swift; sourceTree = "<group>"; };
		E9594ACE262DD3BA00A9CF42 /* Info.plist */ = {isa = PBXFileReference; lastKnownFileType = text.plist.xml; path = Info.plist; sourceTree = "<group>"; };
		E9637D0126334C150003E41B /* AllLeaguesService.swift */ = {isa = PBXFileReference; lastKnownFileType = sourcecode.swift; path = AllLeaguesService.swift; sourceTree = "<group>"; };
		E9637D0326334CD10003E41B /* AllLeague.swift */ = {isa = PBXFileReference; lastKnownFileType = sourcecode.swift; path = AllLeague.swift; sourceTree = "<group>"; };
		E9637D09263351790003E41B /* LeagueTableViewController.swift */ = {isa = PBXFileReference; lastKnownFileType = sourcecode.swift; path = LeagueTableViewController.swift; sourceTree = "<group>"; };
		E9637D0B263358F10003E41B /* League.swift */ = {isa = PBXFileReference; lastKnownFileType = sourcecode.swift; path = League.swift; sourceTree = "<group>"; };
		E9637D1326335E0A0003E41B /* AllLeaguesTableViewCell.swift */ = {isa = PBXFileReference; lastKnownFileType = sourcecode.swift; path = AllLeaguesTableViewCell.swift; sourceTree = "<group>"; };
		E9637D152633B7570003E41B /* Events.swift */ = {isa = PBXFileReference; lastKnownFileType = sourcecode.swift; path = Events.swift; sourceTree = "<group>"; };
		E9637D182633CB3D0003E41B /* EventsViewModel.swift */ = {isa = PBXFileReference; lastKnownFileType = sourcecode.swift; path = EventsViewModel.swift; sourceTree = "<group>"; };
		E9637D1A2633CB820003E41B /* LeagueDetailsTableViewController.swift */ = {isa = PBXFileReference; lastKnownFileType = sourcecode.swift; path = LeagueDetailsTableViewController.swift; sourceTree = "<group>"; };
		E9637D202633CC1B0003E41B /* EventsService.swift */ = {isa = PBXFileReference; lastKnownFileType = sourcecode.swift; path = EventsService.swift; sourceTree = "<group>"; };
		E9637D22263436FD0003E41B /* UpcomingTableViewCell.swift */ = {isa = PBXFileReference; lastKnownFileType = sourcecode.swift; path = UpcomingTableViewCell.swift; sourceTree = "<group>"; };
		E9637D24263439710003E41B /* LastEventsTableViewCell.swift */ = {isa = PBXFileReference; lastKnownFileType = sourcecode.swift; path = LastEventsTableViewCell.swift; sourceTree = "<group>"; };
		E9637D2926348FB60003E41B /* AllLeaguesViewModel.swift */ = {isa = PBXFileReference; lastKnownFileType = sourcecode.swift; path = AllLeaguesViewModel.swift; sourceTree = "<group>"; };
/* End PBXFileReference section */

/* Begin PBXFrameworksBuildPhase section */
		E9594AA1262DD3AC00A9CF42 /* Frameworks */ = {
			isa = PBXFrameworksBuildPhase;
			buildActionMask = 2147483647;
			files = (
				B47639A3DF3C9E566E561DB4 /* Pods_SportsApp.framework in Frameworks */,
			);
			runOnlyForDeploymentPostprocessing = 0;
		};
		E9594ABA262DD3BA00A9CF42 /* Frameworks */ = {
			isa = PBXFrameworksBuildPhase;
			buildActionMask = 2147483647;
			files = (
				C21322FFA8D444E9241F94EF /* Pods_SportsAppTests.framework in Frameworks */,
			);
			runOnlyForDeploymentPostprocessing = 0;
		};
		E9594AC5262DD3BA00A9CF42 /* Frameworks */ = {
			isa = PBXFrameworksBuildPhase;
			buildActionMask = 2147483647;
			files = (
				E28BC2B82BBBF3194E6E445E /* Pods_SportsApp_SportsAppUITests.framework in Frameworks */,
			);
			runOnlyForDeploymentPostprocessing = 0;
		};
/* End PBXFrameworksBuildPhase section */

/* Begin PBXGroup section */
		4C3F2A6C262DB94E00CFDD4E /* Views */ = {
			isa = PBXGroup;
			children = (
				4CE0735B263125FD00664CA7 /* ViewControllers */,
				E9594AAD262DD3AC00A9CF42 /* Main.storyboard */,
			);
			path = Views;
			sourceTree = "<group>";
		};
		4C3F2B0F262E329500CFDD4E /* POJOs */ = {
			isa = PBXGroup;
			children = (
				4C3F2B10262E32D900CFDD4E /* AllSport.swift */,
				4C288C47262EC5F400145974 /* AllTeams.swift */,
				4C288C6A262F51E600145974 /* OneTeam.swift */,
				E9637D0326334CD10003E41B /* AllLeague.swift */,
				E9637D0B263358F10003E41B /* League.swift */,
				E9637D152633B7570003E41B /* Events.swift */,
				4CE07399263187DB00664CA7 /* AllLeagues.swift */,
			);
			path = POJOs;
			sourceTree = "<group>";
		};
		4CE0732D26311C9700664CA7 /* Models */ = {
			isa = PBXGroup;
			children = (
				4CE0739E2631891F00664CA7 /* CoreData */,
				4CE0733E2631206800664CA7 /* NetworkService */,
			);
			path = Models;
			sourceTree = "<group>";
		};
		4CE0732E26311CA000664CA7 /* ViewModels */ = {
			isa = PBXGroup;
			children = (
				E9637D2826348F710003E41B /* AllLeaguesViewModel */,
				E9637D172633CAE90003E41B /* EventsViewModel */,
				4CE073A426318EBB00664CA7 /* FavoriteViewModel */,
				4CE073742631374000664CA7 /* AllTeamsViewModel */,
				4CE073642631299700664CA7 /* TeamDetailsViewModel */,
				4CE07352263123F000664CA7 /* AllSportsViewModel */,
			);
			path = ViewModels;
			sourceTree = "<group>";
		};
		4CE0732F26311CFF00664CA7 /* Constants */ = {
			isa = PBXGroup;
			children = (
				4CE0733026311D1900664CA7 /* URLs.swift */,
			);
			path = Constants;
			sourceTree = "<group>";
		};
		4CE0733E2631206800664CA7 /* NetworkService */ = {
			isa = PBXGroup;
			children = (
				E9637D1F2633CBF90003E41B /* Events */,
				E9637D0026334BEE0003E41B /* AllLeagues */,
				4CE0737D2631381400664CA7 /* AllTeams */,
				4CE0736B263129E100664CA7 /* TeamDetails */,
				4CE0736A263129CF00664CA7 /* AllSports */,
			);
			path = NetworkService;
			sourceTree = "<group>";
		};
		4CE07352263123F000664CA7 /* AllSportsViewModel */ = {
			isa = PBXGroup;
			children = (
				4CE073532631240A00664CA7 /* AllSportsViewModel.swift */,
			);
			path = AllSportsViewModel;
			sourceTree = "<group>";
		};
		4CE0735B263125FD00664CA7 /* ViewControllers */ = {
			isa = PBXGroup;
			children = (
				E9637D08263351330003E41B /* AllLeagues */,
				4CE073AA2631903500664CA7 /* Favorite */,
				4CE07360263126B000664CA7 /* Events */,
				4CE0735F2631267B00664CA7 /* TeamDetails */,
				4CE0735E2631267000664CA7 /* WebView */,
				4CE0735C2631261200664CA7 /* AllSports */,
			);
			path = ViewControllers;
			sourceTree = "<group>";
		};
		4CE0735C2631261200664CA7 /* AllSports */ = {
			isa = PBXGroup;
			children = (
				4C3F2B0A262E2EF500CFDD4E /* HomeViewController.swift */,
				4C3F2B05262E2EA800CFDD4E /* HomeCollectionViewCell.swift */,
				4C3F2B15262E396000CFDD4E /* HomeExtension.swift */,
			);
			path = AllSports;
			sourceTree = "<group>";
		};
		4CE0735E2631267000664CA7 /* WebView */ = {
			isa = PBXGroup;
			children = (
				4CE072E52630FB3900664CA7 /* WebViewController.swift */,
			);
			path = WebView;
			sourceTree = "<group>";
		};
		4CE0735F2631267B00664CA7 /* TeamDetails */ = {
			isa = PBXGroup;
			children = (
				4CE072EA263107EE00664CA7 /* DetailsViewController.swift */,
			);
			path = TeamDetails;
			sourceTree = "<group>";
		};
		4CE07360263126B000664CA7 /* Events */ = {
			isa = PBXGroup;
			children = (
				E9637D1E2633CBBD0003E41B /* TeamsCollection */,
				E9637D1D2633CBAC0003E41B /* LastEventsCollection */,
				E9637D1C2633CB8E0003E41B /* UpComingEventsCollection */,
				E9637D1A2633CB820003E41B /* LeagueDetailsTableViewController.swift */,
			);
			path = Events;
			sourceTree = "<group>";
		};
		4CE073642631299700664CA7 /* TeamDetailsViewModel */ = {
			isa = PBXGroup;
			children = (
				4CE07365263129A800664CA7 /* TeamDetailsViewModel.swift */,
			);
			path = TeamDetailsViewModel;
			sourceTree = "<group>";
		};
		4CE0736A263129CF00664CA7 /* AllSports */ = {
			isa = PBXGroup;
			children = (
				4CE0733F2631208E00664CA7 /* AllSportService.swift */,
			);
			path = AllSports;
			sourceTree = "<group>";
		};
		4CE0736B263129E100664CA7 /* TeamDetails */ = {
			isa = PBXGroup;
			children = (
				4CE0736C263129FC00664CA7 /* TeamDetailsService.swift */,
			);
			path = TeamDetails;
			sourceTree = "<group>";
		};
		4CE073742631374000664CA7 /* AllTeamsViewModel */ = {
			isa = PBXGroup;
			children = (
				4CE073752631376800664CA7 /* AllTeamsViewModel.swift */,
			);
			path = AllTeamsViewModel;
			sourceTree = "<group>";
		};
		4CE0737D2631381400664CA7 /* AllTeams */ = {
			isa = PBXGroup;
			children = (
				4CE0737E2631382300664CA7 /* AllTeamsService.swift */,
			);
			path = AllTeams;
			sourceTree = "<group>";
		};
		4CE0739E2631891F00664CA7 /* CoreData */ = {
			isa = PBXGroup;
			children = (
				4CE0739F2631893F00664CA7 /* FavoriteService.swift */,
			);
			path = CoreData;
			sourceTree = "<group>";
		};
		4CE073A426318EBB00664CA7 /* FavoriteViewModel */ = {
			isa = PBXGroup;
			children = (
				4CE073A526318EDB00664CA7 /* FavoriteViewModel.swift */,
			);
			path = FavoriteViewModel;
			sourceTree = "<group>";
		};
		4CE073AA2631903500664CA7 /* Favorite */ = {
			isa = PBXGroup;
			children = (
				4CE073AB2631905000664CA7 /* FavoriteTableViewController.swift */,
				4CE073B02631935D00664CA7 /* FavoriteCustomCell.swift */,
			);
			path = Favorite;
			sourceTree = "<group>";
		};
		4CFDEEC32631FA9B009D9669 /* Utils */ = {
			isa = PBXGroup;
			children = (
				4CFDEEC42631FAAF009D9669 /* Reachability.swift */,
				4CFDEECF26320884009D9669 /* ActivityIndicatorView.swift */,
			);
			path = Utils;
			sourceTree = "<group>";
		};
		5C386FDA7BE9BAD27CA2AA5F /* Pods */ = {
			isa = PBXGroup;
			children = (
				25D9DF183BADA4C07F84EC6B /* Pods-SportsApp.debug.xcconfig */,
				A5CBF6AD43EC328761A977E1 /* Pods-SportsApp.release.xcconfig */,
				578EFDA3D5ED5E5FB582A3D4 /* Pods-SportsApp-SportsAppUITests.debug.xcconfig */,
				6AD4F6B6FEA95354F240F6A4 /* Pods-SportsApp-SportsAppUITests.release.xcconfig */,
				678D3F266F384F3587438C96 /* Pods-SportsAppTests.debug.xcconfig */,
				38E397674CA5340233A36ED2 /* Pods-SportsAppTests.release.xcconfig */,
			);
			path = Pods;
			sourceTree = "<group>";
		};
		77E910C05F51447C20E0EE0B /* Frameworks */ = {
			isa = PBXGroup;
			children = (
				4CBDFC8A262E836C000098E9 /* Alamofire.framework */,
				A7F61F530B3D9740251F2053 /* Pods_SportsApp.framework */,
				B09057006D9CC41986611885 /* Pods_SportsApp_SportsAppUITests.framework */,
				94D1235DD3CBED0D64444CBA /* Pods_SportsAppTests.framework */,
			);
			name = Frameworks;
			sourceTree = "<group>";
		};
		E9594A9B262DD3AC00A9CF42 = {
			isa = PBXGroup;
			children = (
				E9594AA6262DD3AC00A9CF42 /* SportsApp */,
				E9594AC0262DD3BA00A9CF42 /* SportsAppTests */,
				E9594ACB262DD3BA00A9CF42 /* SportsAppUITests */,
				E9594AA5262DD3AC00A9CF42 /* Products */,
				5C386FDA7BE9BAD27CA2AA5F /* Pods */,
				77E910C05F51447C20E0EE0B /* Frameworks */,
			);
			sourceTree = "<group>";
		};
		E9594AA5262DD3AC00A9CF42 /* Products */ = {
			isa = PBXGroup;
			children = (
				E9594AA4262DD3AC00A9CF42 /* SportsApp.app */,
				E9594ABD262DD3BA00A9CF42 /* SportsAppTests.xctest */,
				E9594AC8262DD3BA00A9CF42 /* SportsAppUITests.xctest */,
			);
			name = Products;
			sourceTree = "<group>";
		};
		E9594AA6262DD3AC00A9CF42 /* SportsApp */ = {
			isa = PBXGroup;
			children = (
				4CFDEEC32631FA9B009D9669 /* Utils */,
				4CE0732D26311C9700664CA7 /* Models */,
				4C3F2A6C262DB94E00CFDD4E /* Views */,
				4CE0732E26311CA000664CA7 /* ViewModels */,
				4CE0732F26311CFF00664CA7 /* Constants */,
				4C3F2B0F262E329500CFDD4E /* POJOs */,
				E9594AA7262DD3AC00A9CF42 /* AppDelegate.swift */,
				E9594AA9262DD3AC00A9CF42 /* SceneDelegate.swift */,
				E9594AB3262DD3B800A9CF42 /* Assets.xcassets */,
				E9594AB5262DD3B900A9CF42 /* LaunchScreen.storyboard */,
				E9594AB8262DD3B900A9CF42 /* Info.plist */,
				E9594AB0262DD3AC00A9CF42 /* SportsApp.xcdatamodeld */,
			);
			path = SportsApp;
			sourceTree = "<group>";
		};
		E9594AC0262DD3BA00A9CF42 /* SportsAppTests */ = {
			isa = PBXGroup;
			children = (
				E9594AC1262DD3BA00A9CF42 /* SportsAppTests.swift */,
				E9594AC3262DD3BA00A9CF42 /* Info.plist */,
			);
			path = SportsAppTests;
			sourceTree = "<group>";
		};
		E9594ACB262DD3BA00A9CF42 /* SportsAppUITests */ = {
			isa = PBXGroup;
			children = (
				E9594ACC262DD3BA00A9CF42 /* SportsAppUITests.swift */,
				E9594ACE262DD3BA00A9CF42 /* Info.plist */,
			);
			path = SportsAppUITests;
			sourceTree = "<group>";
		};
		E9637D0026334BEE0003E41B /* AllLeagues */ = {
			isa = PBXGroup;
			children = (
				E9637D0126334C150003E41B /* AllLeaguesService.swift */,
			);
			path = AllLeagues;
			sourceTree = "<group>";
		};
		E9637D08263351330003E41B /* AllLeagues */ = {
			isa = PBXGroup;
			children = (
				E9637D09263351790003E41B /* LeagueTableViewController.swift */,
				E9637D1326335E0A0003E41B /* AllLeaguesTableViewCell.swift */,
			);
			path = AllLeagues;
			sourceTree = "<group>";
		};
		E9637D172633CAE90003E41B /* EventsViewModel */ = {
			isa = PBXGroup;
			children = (
				E9637D182633CB3D0003E41B /* EventsViewModel.swift */,
			);
			path = EventsViewModel;
			sourceTree = "<group>";
		};
		E9637D1C2633CB8E0003E41B /* UpComingEventsCollection */ = {
			isa = PBXGroup;
			children = (
				E9637D22263436FD0003E41B /* UpcomingTableViewCell.swift */,
			);
			path = UpComingEventsCollection;
			sourceTree = "<group>";
		};
		E9637D1D2633CBAC0003E41B /* LastEventsCollection */ = {
			isa = PBXGroup;
			children = (
				E9637D24263439710003E41B /* LastEventsTableViewCell.swift */,
			);
			path = LastEventsCollection;
			sourceTree = "<group>";
		};
		E9637D1E2633CBBD0003E41B /* TeamsCollection */ = {
			isa = PBXGroup;
			children = (
				4C288C5A262ECBF400145974 /* TeamsTableViewCell.swift */,
			);
			path = TeamsCollection;
			sourceTree = "<group>";
		};
		E9637D1F2633CBF90003E41B /* Events */ = {
			isa = PBXGroup;
			children = (
				E9637D202633CC1B0003E41B /* EventsService.swift */,
			);
			path = Events;
			sourceTree = "<group>";
		};
		E9637D2826348F710003E41B /* AllLeaguesViewModel */ = {
			isa = PBXGroup;
			children = (
				E9637D2926348FB60003E41B /* AllLeaguesViewModel.swift */,
			);
			path = AllLeaguesViewModel;
			sourceTree = "<group>";
		};
/* End PBXGroup section */

/* Begin PBXNativeTarget section */
		E9594AA3262DD3AC00A9CF42 /* SportsApp */ = {
			isa = PBXNativeTarget;
			buildConfigurationList = E9594AD1262DD3BA00A9CF42 /* Build configuration list for PBXNativeTarget "SportsApp" */;
			buildPhases = (
				E0979A08C51D11984CB7EB53 /* [CP] Check Pods Manifest.lock */,
				E9594AA0262DD3AC00A9CF42 /* Sources */,
				E9594AA1262DD3AC00A9CF42 /* Frameworks */,
				E9594AA2262DD3AC00A9CF42 /* Resources */,
				4A9499F1FF17208672B53692 /* [CP] Embed Pods Frameworks */,
			);
			buildRules = (
			);
			dependencies = (
			);
			name = SportsApp;
			productName = SportsApp;
			productReference = E9594AA4262DD3AC00A9CF42 /* SportsApp.app */;
			productType = "com.apple.product-type.application";
		};
		E9594ABC262DD3BA00A9CF42 /* SportsAppTests */ = {
			isa = PBXNativeTarget;
			buildConfigurationList = E9594AD4262DD3BA00A9CF42 /* Build configuration list for PBXNativeTarget "SportsAppTests" */;
			buildPhases = (
				51E011A04AE740AA5DF11D17 /* [CP] Check Pods Manifest.lock */,
				E9594AB9262DD3BA00A9CF42 /* Sources */,
				E9594ABA262DD3BA00A9CF42 /* Frameworks */,
				E9594ABB262DD3BA00A9CF42 /* Resources */,
			);
			buildRules = (
			);
			dependencies = (
				E9594ABF262DD3BA00A9CF42 /* PBXTargetDependency */,
			);
			name = SportsAppTests;
			productName = SportsAppTests;
			productReference = E9594ABD262DD3BA00A9CF42 /* SportsAppTests.xctest */;
			productType = "com.apple.product-type.bundle.unit-test";
		};
		E9594AC7262DD3BA00A9CF42 /* SportsAppUITests */ = {
			isa = PBXNativeTarget;
			buildConfigurationList = E9594AD7262DD3BA00A9CF42 /* Build configuration list for PBXNativeTarget "SportsAppUITests" */;
			buildPhases = (
				7DB1137828715D5768382756 /* [CP] Check Pods Manifest.lock */,
				E9594AC4262DD3BA00A9CF42 /* Sources */,
				E9594AC5262DD3BA00A9CF42 /* Frameworks */,
				E9594AC6262DD3BA00A9CF42 /* Resources */,
				26DE043B9CE3F7E7D3706347 /* [CP] Embed Pods Frameworks */,
			);
			buildRules = (
			);
			dependencies = (
				E9594ACA262DD3BA00A9CF42 /* PBXTargetDependency */,
			);
			name = SportsAppUITests;
			productName = SportsAppUITests;
			productReference = E9594AC8262DD3BA00A9CF42 /* SportsAppUITests.xctest */;
			productType = "com.apple.product-type.bundle.ui-testing";
		};
/* End PBXNativeTarget section */

/* Begin PBXProject section */
		E9594A9C262DD3AC00A9CF42 /* Project object */ = {
			isa = PBXProject;
			attributes = {
				LastSwiftUpdateCheck = 1140;
				LastUpgradeCheck = 1140;
				ORGANIZATIONNAME = fayza;
				TargetAttributes = {
					E9594AA3262DD3AC00A9CF42 = {
						CreatedOnToolsVersion = 11.4;
					};
					E9594ABC262DD3BA00A9CF42 = {
						CreatedOnToolsVersion = 11.4;
						TestTargetID = E9594AA3262DD3AC00A9CF42;
					};
					E9594AC7262DD3BA00A9CF42 = {
						CreatedOnToolsVersion = 11.4;
						TestTargetID = E9594AA3262DD3AC00A9CF42;
					};
				};
			};
			buildConfigurationList = E9594A9F262DD3AC00A9CF42 /* Build configuration list for PBXProject "SportsApp" */;
			compatibilityVersion = "Xcode 9.3";
			developmentRegion = en;
			hasScannedForEncodings = 0;
			knownRegions = (
				en,
				Base,
			);
			mainGroup = E9594A9B262DD3AC00A9CF42;
			productRefGroup = E9594AA5262DD3AC00A9CF42 /* Products */;
			projectDirPath = "";
			projectRoot = "";
			targets = (
				E9594AA3262DD3AC00A9CF42 /* SportsApp */,
				E9594ABC262DD3BA00A9CF42 /* SportsAppTests */,
				E9594AC7262DD3BA00A9CF42 /* SportsAppUITests */,
			);
		};
/* End PBXProject section */

/* Begin PBXResourcesBuildPhase section */
		E9594AA2262DD3AC00A9CF42 /* Resources */ = {
			isa = PBXResourcesBuildPhase;
			buildActionMask = 2147483647;
			files = (
				E9594AB7262DD3B900A9CF42 /* LaunchScreen.storyboard in Resources */,
				E9594AB4262DD3B800A9CF42 /* Assets.xcassets in Resources */,
				E9594AAF262DD3AC00A9CF42 /* Main.storyboard in Resources */,
			);
			runOnlyForDeploymentPostprocessing = 0;
		};
		E9594ABB262DD3BA00A9CF42 /* Resources */ = {
			isa = PBXResourcesBuildPhase;
			buildActionMask = 2147483647;
			files = (
			);
			runOnlyForDeploymentPostprocessing = 0;
		};
		E9594AC6262DD3BA00A9CF42 /* Resources */ = {
			isa = PBXResourcesBuildPhase;
			buildActionMask = 2147483647;
			files = (
			);
			runOnlyForDeploymentPostprocessing = 0;
		};
/* End PBXResourcesBuildPhase section */

/* Begin PBXShellScriptBuildPhase section */
		26DE043B9CE3F7E7D3706347 /* [CP] Embed Pods Frameworks */ = {
			isa = PBXShellScriptBuildPhase;
			buildActionMask = 2147483647;
			files = (
			);
			inputFileListPaths = (
				"${PODS_ROOT}/Target Support Files/Pods-SportsApp-SportsAppUITests/Pods-SportsApp-SportsAppUITests-frameworks-${CONFIGURATION}-input-files.xcfilelist",
			);
			name = "[CP] Embed Pods Frameworks";
			outputFileListPaths = (
				"${PODS_ROOT}/Target Support Files/Pods-SportsApp-SportsAppUITests/Pods-SportsApp-SportsAppUITests-frameworks-${CONFIGURATION}-output-files.xcfilelist",
			);
			runOnlyForDeploymentPostprocessing = 0;
			shellPath = /bin/sh;
			shellScript = "\"${PODS_ROOT}/Target Support Files/Pods-SportsApp-SportsAppUITests/Pods-SportsApp-SportsAppUITests-frameworks.sh\"\n";
			showEnvVarsInLog = 0;
		};
		4A9499F1FF17208672B53692 /* [CP] Embed Pods Frameworks */ = {
			isa = PBXShellScriptBuildPhase;
			buildActionMask = 2147483647;
			files = (
			);
			inputFileListPaths = (
				"${PODS_ROOT}/Target Support Files/Pods-SportsApp/Pods-SportsApp-frameworks-${CONFIGURATION}-input-files.xcfilelist",
			);
			name = "[CP] Embed Pods Frameworks";
			outputFileListPaths = (
				"${PODS_ROOT}/Target Support Files/Pods-SportsApp/Pods-SportsApp-frameworks-${CONFIGURATION}-output-files.xcfilelist",
			);
			runOnlyForDeploymentPostprocessing = 0;
			shellPath = /bin/sh;
			shellScript = "\"${PODS_ROOT}/Target Support Files/Pods-SportsApp/Pods-SportsApp-frameworks.sh\"\n";
			showEnvVarsInLog = 0;
		};
		51E011A04AE740AA5DF11D17 /* [CP] Check Pods Manifest.lock */ = {
			isa = PBXShellScriptBuildPhase;
			buildActionMask = 2147483647;
			files = (
			);
			inputFileListPaths = (
			);
			inputPaths = (
				"${PODS_PODFILE_DIR_PATH}/Podfile.lock",
				"${PODS_ROOT}/Manifest.lock",
			);
			name = "[CP] Check Pods Manifest.lock";
			outputFileListPaths = (
			);
			outputPaths = (
				"$(DERIVED_FILE_DIR)/Pods-SportsAppTests-checkManifestLockResult.txt",
			);
			runOnlyForDeploymentPostprocessing = 0;
			shellPath = /bin/sh;
			shellScript = "diff \"${PODS_PODFILE_DIR_PATH}/Podfile.lock\" \"${PODS_ROOT}/Manifest.lock\" > /dev/null\nif [ $? != 0 ] ; then\n    # print error to STDERR\n    echo \"error: The sandbox is not in sync with the Podfile.lock. Run 'pod install' or update your CocoaPods installation.\" >&2\n    exit 1\nfi\n# This output is used by Xcode 'outputs' to avoid re-running this script phase.\necho \"SUCCESS\" > \"${SCRIPT_OUTPUT_FILE_0}\"\n";
			showEnvVarsInLog = 0;
		};
		7DB1137828715D5768382756 /* [CP] Check Pods Manifest.lock */ = {
			isa = PBXShellScriptBuildPhase;
			buildActionMask = 2147483647;
			files = (
			);
			inputFileListPaths = (
			);
			inputPaths = (
				"${PODS_PODFILE_DIR_PATH}/Podfile.lock",
				"${PODS_ROOT}/Manifest.lock",
			);
			name = "[CP] Check Pods Manifest.lock";
			outputFileListPaths = (
			);
			outputPaths = (
				"$(DERIVED_FILE_DIR)/Pods-SportsApp-SportsAppUITests-checkManifestLockResult.txt",
			);
			runOnlyForDeploymentPostprocessing = 0;
			shellPath = /bin/sh;
			shellScript = "diff \"${PODS_PODFILE_DIR_PATH}/Podfile.lock\" \"${PODS_ROOT}/Manifest.lock\" > /dev/null\nif [ $? != 0 ] ; then\n    # print error to STDERR\n    echo \"error: The sandbox is not in sync with the Podfile.lock. Run 'pod install' or update your CocoaPods installation.\" >&2\n    exit 1\nfi\n# This output is used by Xcode 'outputs' to avoid re-running this script phase.\necho \"SUCCESS\" > \"${SCRIPT_OUTPUT_FILE_0}\"\n";
			showEnvVarsInLog = 0;
		};
		E0979A08C51D11984CB7EB53 /* [CP] Check Pods Manifest.lock */ = {
			isa = PBXShellScriptBuildPhase;
			buildActionMask = 2147483647;
			files = (
			);
			inputFileListPaths = (
			);
			inputPaths = (
				"${PODS_PODFILE_DIR_PATH}/Podfile.lock",
				"${PODS_ROOT}/Manifest.lock",
			);
			name = "[CP] Check Pods Manifest.lock";
			outputFileListPaths = (
			);
			outputPaths = (
				"$(DERIVED_FILE_DIR)/Pods-SportsApp-checkManifestLockResult.txt",
			);
			runOnlyForDeploymentPostprocessing = 0;
			shellPath = /bin/sh;
			shellScript = "diff \"${PODS_PODFILE_DIR_PATH}/Podfile.lock\" \"${PODS_ROOT}/Manifest.lock\" > /dev/null\nif [ $? != 0 ] ; then\n    # print error to STDERR\n    echo \"error: The sandbox is not in sync with the Podfile.lock. Run 'pod install' or update your CocoaPods installation.\" >&2\n    exit 1\nfi\n# This output is used by Xcode 'outputs' to avoid re-running this script phase.\necho \"SUCCESS\" > \"${SCRIPT_OUTPUT_FILE_0}\"\n";
			showEnvVarsInLog = 0;
		};
/* End PBXShellScriptBuildPhase section */

/* Begin PBXSourcesBuildPhase section */
		E9594AA0262DD3AC00A9CF42 /* Sources */ = {
			isa = PBXSourcesBuildPhase;
			buildActionMask = 2147483647;
			files = (
				4CE0737F2631382300664CA7 /* AllTeamsService.swift in Sources */,
				E9637D1B2633CB820003E41B /* LeagueDetailsTableViewController.swift in Sources */,
				4C3F2B06262E2EA800CFDD4E /* HomeCollectionViewCell.swift in Sources */,
				4C288C6B262F51E600145974 /* OneTeam.swift in Sources */,
				E9637D0226334C150003E41B /* AllLeaguesService.swift in Sources */,
				4CE073A02631893F00664CA7 /* FavoriteService.swift in Sources */,
				4C3F2B06262E2EA800CFDD4E /* HomeCollectionViewCell.swift in Sources */,
				4C288C6B262F51E600145974 /* OneTeam.swift in Sources */,
				4CFDEEC52631FAAF009D9669 /* Reachability.swift in Sources */,
				4CE073762631376800664CA7 /* AllTeamsViewModel.swift in Sources */,
				E9637D212633CC1B0003E41B /* EventsService.swift in Sources */,
				4CE073402631208E00664CA7 /* AllSportService.swift in Sources */,
				E9637D25263439710003E41B /* LastEventsTableViewCell.swift in Sources */,
				E9594AA8262DD3AC00A9CF42 /* AppDelegate.swift in Sources */,
				4CE073A626318EDB00664CA7 /* FavoriteViewModel.swift in Sources */,
				E9594AB2262DD3AC00A9CF42 /* SportsApp.xcdatamodeld in Sources */,
				4CE0739A263187DB00664CA7 /* AllLeagues.swift in Sources */,
				4C3F2B16262E396000CFDD4E /* HomeExtension.swift in Sources */,
				E9594AAA262DD3AC00A9CF42 /* SceneDelegate.swift in Sources */,
				E9637D1426335E0A0003E41B /* AllLeaguesTableViewCell.swift in Sources */,
				E9637D23263436FD0003E41B /* UpcomingTableViewCell.swift in Sources */,
				4CE073AC2631905000664CA7 /* FavoriteTableViewController.swift in Sources */,
				4C288C48262EC5F400145974 /* AllTeams.swift in Sources */,
				4CE0736D263129FC00664CA7 /* TeamDetailsService.swift in Sources */,
				E9637D2A26348FB60003E41B /* AllLeaguesViewModel.swift in Sources */,
				E9637D192633CB3D0003E41B /* EventsViewModel.swift in Sources */,
				E9637D0A263351790003E41B /* LeagueTableViewController.swift in Sources */,
				4CFDEED026320884009D9669 /* ActivityIndicatorView.swift in Sources */,
				E9637D0C263358F10003E41B /* League.swift in Sources */,
				4CE0733126311D1900664CA7 /* URLs.swift in Sources */,
				E9637D0426334CD20003E41B /* AllLeague.swift in Sources */,
				4CE07366263129A800664CA7 /* TeamDetailsViewModel.swift in Sources */,
				4CE073542631240A00664CA7 /* AllSportsViewModel.swift in Sources */,
				E9594AAA262DD3AC00A9CF42 /* SceneDelegate.swift in Sources */,
				4C288C48262EC5F400145974 /* AllTeams.swift in Sources */,
				4C288C5B262ECBF400145974 /* TeamsTableViewCell.swift in Sources */,
				4CE072EB263107EE00664CA7 /* DetailsViewController.swift in Sources */,
				E9637D162633B7570003E41B /* Events.swift in Sources */,
				4C3F2B0B262E2EF500CFDD4E /* HomeViewController.swift in Sources */,
				4CE072E62630FB3900664CA7 /* WebViewController.swift in Sources */,
				4C3F2B11262E32D900CFDD4E /* AllSport.swift in Sources */,
				4CE073B12631935D00664CA7 /* FavoriteCustomCell.swift in Sources */,
			);
			runOnlyForDeploymentPostprocessing = 0;
		};
		E9594AB9262DD3BA00A9CF42 /* Sources */ = {
			isa = PBXSourcesBuildPhase;
			buildActionMask = 2147483647;
			files = (
				E9594AC2262DD3BA00A9CF42 /* SportsAppTests.swift in Sources */,
			);
			runOnlyForDeploymentPostprocessing = 0;
		};
		E9594AC4262DD3BA00A9CF42 /* Sources */ = {
			isa = PBXSourcesBuildPhase;
			buildActionMask = 2147483647;
			files = (
				E9594ACD262DD3BA00A9CF42 /* SportsAppUITests.swift in Sources */,
			);
			runOnlyForDeploymentPostprocessing = 0;
		};
/* End PBXSourcesBuildPhase section */

/* Begin PBXTargetDependency section */
		E9594ABF262DD3BA00A9CF42 /* PBXTargetDependency */ = {
			isa = PBXTargetDependency;
			target = E9594AA3262DD3AC00A9CF42 /* SportsApp */;
			targetProxy = E9594ABE262DD3BA00A9CF42 /* PBXContainerItemProxy */;
		};
		E9594ACA262DD3BA00A9CF42 /* PBXTargetDependency */ = {
			isa = PBXTargetDependency;
			target = E9594AA3262DD3AC00A9CF42 /* SportsApp */;
			targetProxy = E9594AC9262DD3BA00A9CF42 /* PBXContainerItemProxy */;
		};
/* End PBXTargetDependency section */

/* Begin PBXVariantGroup section */
		E9594AAD262DD3AC00A9CF42 /* Main.storyboard */ = {
			isa = PBXVariantGroup;
			children = (
				E9594AAE262DD3AC00A9CF42 /* Base */,
			);
			name = Main.storyboard;
			sourceTree = "<group>";
		};
		E9594AB5262DD3B900A9CF42 /* LaunchScreen.storyboard */ = {
			isa = PBXVariantGroup;
			children = (
				E9594AB6262DD3B900A9CF42 /* Base */,
			);
			name = LaunchScreen.storyboard;
			sourceTree = "<group>";
		};
/* End PBXVariantGroup section */

/* Begin XCBuildConfiguration section */
		E9594ACF262DD3BA00A9CF42 /* Debug */ = {
			isa = XCBuildConfiguration;
			buildSettings = {
				ALWAYS_SEARCH_USER_PATHS = NO;
				CLANG_ANALYZER_NONNULL = YES;
				CLANG_ANALYZER_NUMBER_OBJECT_CONVERSION = YES_AGGRESSIVE;
				CLANG_CXX_LANGUAGE_STANDARD = "gnu++14";
				CLANG_CXX_LIBRARY = "libc++";
				CLANG_ENABLE_MODULES = YES;
				CLANG_ENABLE_OBJC_ARC = YES;
				CLANG_ENABLE_OBJC_WEAK = YES;
				CLANG_WARN_BLOCK_CAPTURE_AUTORELEASING = YES;
				CLANG_WARN_BOOL_CONVERSION = YES;
				CLANG_WARN_COMMA = YES;
				CLANG_WARN_CONSTANT_CONVERSION = YES;
				CLANG_WARN_DEPRECATED_OBJC_IMPLEMENTATIONS = YES;
				CLANG_WARN_DIRECT_OBJC_ISA_USAGE = YES_ERROR;
				CLANG_WARN_DOCUMENTATION_COMMENTS = YES;
				CLANG_WARN_EMPTY_BODY = YES;
				CLANG_WARN_ENUM_CONVERSION = YES;
				CLANG_WARN_INFINITE_RECURSION = YES;
				CLANG_WARN_INT_CONVERSION = YES;
				CLANG_WARN_NON_LITERAL_NULL_CONVERSION = YES;
				CLANG_WARN_OBJC_IMPLICIT_RETAIN_SELF = YES;
				CLANG_WARN_OBJC_LITERAL_CONVERSION = YES;
				CLANG_WARN_OBJC_ROOT_CLASS = YES_ERROR;
				CLANG_WARN_RANGE_LOOP_ANALYSIS = YES;
				CLANG_WARN_STRICT_PROTOTYPES = YES;
				CLANG_WARN_SUSPICIOUS_MOVE = YES;
				CLANG_WARN_UNGUARDED_AVAILABILITY = YES_AGGRESSIVE;
				CLANG_WARN_UNREACHABLE_CODE = YES;
				CLANG_WARN__DUPLICATE_METHOD_MATCH = YES;
				COPY_PHASE_STRIP = NO;
				DEBUG_INFORMATION_FORMAT = dwarf;
				ENABLE_STRICT_OBJC_MSGSEND = YES;
				ENABLE_TESTABILITY = YES;
				GCC_C_LANGUAGE_STANDARD = gnu11;
				GCC_DYNAMIC_NO_PIC = NO;
				GCC_NO_COMMON_BLOCKS = YES;
				GCC_OPTIMIZATION_LEVEL = 0;
				GCC_PREPROCESSOR_DEFINITIONS = (
					"DEBUG=1",
					"$(inherited)",
				);
				GCC_WARN_64_TO_32_BIT_CONVERSION = YES;
				GCC_WARN_ABOUT_RETURN_TYPE = YES_ERROR;
				GCC_WARN_UNDECLARED_SELECTOR = YES;
				GCC_WARN_UNINITIALIZED_AUTOS = YES_AGGRESSIVE;
				GCC_WARN_UNUSED_FUNCTION = YES;
				GCC_WARN_UNUSED_VARIABLE = YES;
				IPHONEOS_DEPLOYMENT_TARGET = 13.4;
				MTL_ENABLE_DEBUG_INFO = INCLUDE_SOURCE;
				MTL_FAST_MATH = YES;
				ONLY_ACTIVE_ARCH = YES;
				SDKROOT = iphoneos;
				SWIFT_ACTIVE_COMPILATION_CONDITIONS = DEBUG;
				SWIFT_OPTIMIZATION_LEVEL = "-Onone";
			};
			name = Debug;
		};
		E9594AD0262DD3BA00A9CF42 /* Release */ = {
			isa = XCBuildConfiguration;
			buildSettings = {
				ALWAYS_SEARCH_USER_PATHS = NO;
				CLANG_ANALYZER_NONNULL = YES;
				CLANG_ANALYZER_NUMBER_OBJECT_CONVERSION = YES_AGGRESSIVE;
				CLANG_CXX_LANGUAGE_STANDARD = "gnu++14";
				CLANG_CXX_LIBRARY = "libc++";
				CLANG_ENABLE_MODULES = YES;
				CLANG_ENABLE_OBJC_ARC = YES;
				CLANG_ENABLE_OBJC_WEAK = YES;
				CLANG_WARN_BLOCK_CAPTURE_AUTORELEASING = YES;
				CLANG_WARN_BOOL_CONVERSION = YES;
				CLANG_WARN_COMMA = YES;
				CLANG_WARN_CONSTANT_CONVERSION = YES;
				CLANG_WARN_DEPRECATED_OBJC_IMPLEMENTATIONS = YES;
				CLANG_WARN_DIRECT_OBJC_ISA_USAGE = YES_ERROR;
				CLANG_WARN_DOCUMENTATION_COMMENTS = YES;
				CLANG_WARN_EMPTY_BODY = YES;
				CLANG_WARN_ENUM_CONVERSION = YES;
				CLANG_WARN_INFINITE_RECURSION = YES;
				CLANG_WARN_INT_CONVERSION = YES;
				CLANG_WARN_NON_LITERAL_NULL_CONVERSION = YES;
				CLANG_WARN_OBJC_IMPLICIT_RETAIN_SELF = YES;
				CLANG_WARN_OBJC_LITERAL_CONVERSION = YES;
				CLANG_WARN_OBJC_ROOT_CLASS = YES_ERROR;
				CLANG_WARN_RANGE_LOOP_ANALYSIS = YES;
				CLANG_WARN_STRICT_PROTOTYPES = YES;
				CLANG_WARN_SUSPICIOUS_MOVE = YES;
				CLANG_WARN_UNGUARDED_AVAILABILITY = YES_AGGRESSIVE;
				CLANG_WARN_UNREACHABLE_CODE = YES;
				CLANG_WARN__DUPLICATE_METHOD_MATCH = YES;
				COPY_PHASE_STRIP = NO;
				DEBUG_INFORMATION_FORMAT = "dwarf-with-dsym";
				ENABLE_NS_ASSERTIONS = NO;
				ENABLE_STRICT_OBJC_MSGSEND = YES;
				GCC_C_LANGUAGE_STANDARD = gnu11;
				GCC_NO_COMMON_BLOCKS = YES;
				GCC_WARN_64_TO_32_BIT_CONVERSION = YES;
				GCC_WARN_ABOUT_RETURN_TYPE = YES_ERROR;
				GCC_WARN_UNDECLARED_SELECTOR = YES;
				GCC_WARN_UNINITIALIZED_AUTOS = YES_AGGRESSIVE;
				GCC_WARN_UNUSED_FUNCTION = YES;
				GCC_WARN_UNUSED_VARIABLE = YES;
				IPHONEOS_DEPLOYMENT_TARGET = 13.4;
				MTL_ENABLE_DEBUG_INFO = NO;
				MTL_FAST_MATH = YES;
				SDKROOT = iphoneos;
				SWIFT_COMPILATION_MODE = wholemodule;
				SWIFT_OPTIMIZATION_LEVEL = "-O";
				VALIDATE_PRODUCT = YES;
			};
			name = Release;
		};
		E9594AD2262DD3BA00A9CF42 /* Debug */ = {
			isa = XCBuildConfiguration;
			baseConfigurationReference = 25D9DF183BADA4C07F84EC6B /* Pods-SportsApp.debug.xcconfig */;
			buildSettings = {
				ASSETCATALOG_COMPILER_APPICON_NAME = AppIcon;
				CODE_SIGN_STYLE = Automatic;
				INFOPLIST_FILE = SportsApp/Info.plist;
				LD_RUNPATH_SEARCH_PATHS = (
					"$(inherited)",
					"@executable_path/Frameworks",
				);
				PRODUCT_BUNDLE_IDENTIFIER = fayza.SportsApp;
				PRODUCT_NAME = "$(TARGET_NAME)";
				SWIFT_VERSION = 5.0;
				TARGETED_DEVICE_FAMILY = "1,2";
			};
			name = Debug;
		};
		E9594AD3262DD3BA00A9CF42 /* Release */ = {
			isa = XCBuildConfiguration;
			baseConfigurationReference = A5CBF6AD43EC328761A977E1 /* Pods-SportsApp.release.xcconfig */;
			buildSettings = {
				ASSETCATALOG_COMPILER_APPICON_NAME = AppIcon;
				CODE_SIGN_STYLE = Automatic;
				INFOPLIST_FILE = SportsApp/Info.plist;
				LD_RUNPATH_SEARCH_PATHS = (
					"$(inherited)",
					"@executable_path/Frameworks",
				);
				PRODUCT_BUNDLE_IDENTIFIER = fayza.SportsApp;
				PRODUCT_NAME = "$(TARGET_NAME)";
				SWIFT_VERSION = 5.0;
				TARGETED_DEVICE_FAMILY = "1,2";
			};
			name = Release;
		};
		E9594AD5262DD3BA00A9CF42 /* Debug */ = {
			isa = XCBuildConfiguration;
			baseConfigurationReference = 678D3F266F384F3587438C96 /* Pods-SportsAppTests.debug.xcconfig */;
			buildSettings = {
				ALWAYS_EMBED_SWIFT_STANDARD_LIBRARIES = YES;
				BUNDLE_LOADER = "$(TEST_HOST)";
				CODE_SIGN_STYLE = Automatic;
				INFOPLIST_FILE = SportsAppTests/Info.plist;
				IPHONEOS_DEPLOYMENT_TARGET = 13.4;
				LD_RUNPATH_SEARCH_PATHS = (
					"$(inherited)",
					"@executable_path/Frameworks",
					"@loader_path/Frameworks",
				);
				PRODUCT_BUNDLE_IDENTIFIER = fayza.SportsAppTests;
				PRODUCT_NAME = "$(TARGET_NAME)";
				SWIFT_VERSION = 5.0;
				TARGETED_DEVICE_FAMILY = "1,2";
				TEST_HOST = "$(BUILT_PRODUCTS_DIR)/SportsApp.app/SportsApp";
			};
			name = Debug;
		};
		E9594AD6262DD3BA00A9CF42 /* Release */ = {
			isa = XCBuildConfiguration;
			baseConfigurationReference = 38E397674CA5340233A36ED2 /* Pods-SportsAppTests.release.xcconfig */;
			buildSettings = {
				ALWAYS_EMBED_SWIFT_STANDARD_LIBRARIES = YES;
				BUNDLE_LOADER = "$(TEST_HOST)";
				CODE_SIGN_STYLE = Automatic;
				INFOPLIST_FILE = SportsAppTests/Info.plist;
				IPHONEOS_DEPLOYMENT_TARGET = 13.4;
				LD_RUNPATH_SEARCH_PATHS = (
					"$(inherited)",
					"@executable_path/Frameworks",
					"@loader_path/Frameworks",
				);
				PRODUCT_BUNDLE_IDENTIFIER = fayza.SportsAppTests;
				PRODUCT_NAME = "$(TARGET_NAME)";
				SWIFT_VERSION = 5.0;
				TARGETED_DEVICE_FAMILY = "1,2";
				TEST_HOST = "$(BUILT_PRODUCTS_DIR)/SportsApp.app/SportsApp";
			};
			name = Release;
		};
		E9594AD8262DD3BA00A9CF42 /* Debug */ = {
			isa = XCBuildConfiguration;
			baseConfigurationReference = 578EFDA3D5ED5E5FB582A3D4 /* Pods-SportsApp-SportsAppUITests.debug.xcconfig */;
			buildSettings = {
				ALWAYS_EMBED_SWIFT_STANDARD_LIBRARIES = YES;
				CODE_SIGN_STYLE = Automatic;
				INFOPLIST_FILE = SportsAppUITests/Info.plist;
				LD_RUNPATH_SEARCH_PATHS = (
					"$(inherited)",
					"@executable_path/Frameworks",
					"@loader_path/Frameworks",
				);
				PRODUCT_BUNDLE_IDENTIFIER = fayza.SportsAppUITests;
				PRODUCT_NAME = "$(TARGET_NAME)";
				SWIFT_VERSION = 5.0;
				TARGETED_DEVICE_FAMILY = "1,2";
				TEST_TARGET_NAME = SportsApp;
			};
			name = Debug;
		};
		E9594AD9262DD3BA00A9CF42 /* Release */ = {
			isa = XCBuildConfiguration;
			baseConfigurationReference = 6AD4F6B6FEA95354F240F6A4 /* Pods-SportsApp-SportsAppUITests.release.xcconfig */;
			buildSettings = {
				ALWAYS_EMBED_SWIFT_STANDARD_LIBRARIES = YES;
				CODE_SIGN_STYLE = Automatic;
				INFOPLIST_FILE = SportsAppUITests/Info.plist;
				LD_RUNPATH_SEARCH_PATHS = (
					"$(inherited)",
					"@executable_path/Frameworks",
					"@loader_path/Frameworks",
				);
				PRODUCT_BUNDLE_IDENTIFIER = fayza.SportsAppUITests;
				PRODUCT_NAME = "$(TARGET_NAME)";
				SWIFT_VERSION = 5.0;
				TARGETED_DEVICE_FAMILY = "1,2";
				TEST_TARGET_NAME = SportsApp;
			};
			name = Release;
		};
/* End XCBuildConfiguration section */

/* Begin XCConfigurationList section */
		E9594A9F262DD3AC00A9CF42 /* Build configuration list for PBXProject "SportsApp" */ = {
			isa = XCConfigurationList;
			buildConfigurations = (
				E9594ACF262DD3BA00A9CF42 /* Debug */,
				E9594AD0262DD3BA00A9CF42 /* Release */,
			);
			defaultConfigurationIsVisible = 0;
			defaultConfigurationName = Release;
		};
		E9594AD1262DD3BA00A9CF42 /* Build configuration list for PBXNativeTarget "SportsApp" */ = {
			isa = XCConfigurationList;
			buildConfigurations = (
				E9594AD2262DD3BA00A9CF42 /* Debug */,
				E9594AD3262DD3BA00A9CF42 /* Release */,
			);
			defaultConfigurationIsVisible = 0;
			defaultConfigurationName = Release;
		};
		E9594AD4262DD3BA00A9CF42 /* Build configuration list for PBXNativeTarget "SportsAppTests" */ = {
			isa = XCConfigurationList;
			buildConfigurations = (
				E9594AD5262DD3BA00A9CF42 /* Debug */,
				E9594AD6262DD3BA00A9CF42 /* Release */,
			);
			defaultConfigurationIsVisible = 0;
			defaultConfigurationName = Release;
		};
		E9594AD7262DD3BA00A9CF42 /* Build configuration list for PBXNativeTarget "SportsAppUITests" */ = {
			isa = XCConfigurationList;
			buildConfigurations = (
				E9594AD8262DD3BA00A9CF42 /* Debug */,
				E9594AD9262DD3BA00A9CF42 /* Release */,
			);
			defaultConfigurationIsVisible = 0;
			defaultConfigurationName = Release;
		};
/* End XCConfigurationList section */

/* Begin XCVersionGroup section */
		E9594AB0262DD3AC00A9CF42 /* SportsApp.xcdatamodeld */ = {
			isa = XCVersionGroup;
			children = (
				E9594AB1262DD3AC00A9CF42 /* SportsApp.xcdatamodel */,
			);
			currentVersion = E9594AB1262DD3AC00A9CF42 /* SportsApp.xcdatamodel */;
			path = SportsApp.xcdatamodeld;
			sourceTree = "<group>";
			versionGroupType = wrapper.xcdatamodel;
		};
/* End XCVersionGroup section */
	};
	rootObject = E9594A9C262DD3AC00A9CF42 /* Project object */;
}
