// !$*UTF8*$!
{
	archiveVersion = 1;
	classes = {
	};
	objectVersion = 50;
	objects = {

/* Begin PBXBuildFile section */
		4C3F2B06262E2EA800CFDD4E /* HomeCollectionViewCell.swift in Sources */ = {isa = PBXBuildFile; fileRef = 4C3F2B05262E2EA800CFDD4E /* HomeCollectionViewCell.swift */; };
		4C3F2B0B262E2EF500CFDD4E /* HomeViewController.swift in Sources */ = {isa = PBXBuildFile; fileRef = 4C3F2B0A262E2EF500CFDD4E /* HomeViewController.swift */; };
		4C3F2B11262E32D900CFDD4E /* AllSport.swift in Sources */ = {isa = PBXBuildFile; fileRef = 4C3F2B10262E32D900CFDD4E /* AllSport.swift */; };
		4C3F2B16262E396000CFDD4E /* HomeExtension.swift in Sources */ = {isa = PBXBuildFile; fileRef = 4C3F2B15262E396000CFDD4E /* HomeExtension.swift */; };
		4C3F2B1B262E3C4900CFDD4E /* AllSportsApi.swift in Sources */ = {isa = PBXBuildFile; fileRef = 4C3F2B1A262E3C4900CFDD4E /* AllSportsApi.swift */; };
		E9594AA8262DD3AC00A9CF42 /* AppDelegate.swift in Sources */ = {isa = PBXBuildFile; fileRef = E9594AA7262DD3AC00A9CF42 /* AppDelegate.swift */; };
		E9594AAA262DD3AC00A9CF42 /* SceneDelegate.swift in Sources */ = {isa = PBXBuildFile; fileRef = E9594AA9262DD3AC00A9CF42 /* SceneDelegate.swift */; };
		E9594AAC262DD3AC00A9CF42 /* ViewController.swift in Sources */ = {isa = PBXBuildFile; fileRef = E9594AAB262DD3AC00A9CF42 /* ViewController.swift */; };
		E9594AAF262DD3AC00A9CF42 /* Main.storyboard in Resources */ = {isa = PBXBuildFile; fileRef = E9594AAD262DD3AC00A9CF42 /* Main.storyboard */; };
		E9594AB2262DD3AC00A9CF42 /* SportsApp.xcdatamodeld in Sources */ = {isa = PBXBuildFile; fileRef = E9594AB0262DD3AC00A9CF42 /* SportsApp.xcdatamodeld */; };
		E9594AB4262DD3B800A9CF42 /* Assets.xcassets in Resources */ = {isa = PBXBuildFile; fileRef = E9594AB3262DD3B800A9CF42 /* Assets.xcassets */; };
		E9594AB7262DD3B900A9CF42 /* LaunchScreen.storyboard in Resources */ = {isa = PBXBuildFile; fileRef = E9594AB5262DD3B900A9CF42 /* LaunchScreen.storyboard */; };
		E9594AC2262DD3BA00A9CF42 /* SportsAppTests.swift in Sources */ = {isa = PBXBuildFile; fileRef = E9594AC1262DD3BA00A9CF42 /* SportsAppTests.swift */; };
		E9594ACD262DD3BA00A9CF42 /* SportsAppUITests.swift in Sources */ = {isa = PBXBuildFile; fileRef = E9594ACC262DD3BA00A9CF42 /* SportsAppUITests.swift */; };
/* End PBXBuildFile section */

/* Begin PBXContainerItemProxy section */
		E9594ABE262DD3BA00A9CF42 /* PBXContainerItemProxy */ = {
			isa = PBXContainerItemProxy;
			containerPortal = E9594A9C262DD3AC00A9CF42 /* Project object */;
			proxyType = 1;
			remoteGlobalIDString = E9594AA3262DD3AC00A9CF42;
			remoteInfo = SportsApp;
		};
		E9594AC9262DD3BA00A9CF42 /* PBXContainerItemProxy */ = {
			isa = PBXContainerItemProxy;
			containerPortal = E9594A9C262DD3AC00A9CF42 /* Project object */;
			proxyType = 1;
			remoteGlobalIDString = E9594AA3262DD3AC00A9CF42;
			remoteInfo = SportsApp;
		};
/* End PBXContainerItemProxy section */

/* Begin PBXFileReference section */
		4C3F2B05262E2EA800CFDD4E /* HomeCollectionViewCell.swift */ = {isa = PBXFileReference; lastKnownFileType = sourcecode.swift; path = HomeCollectionViewCell.swift; sourceTree = "<group>"; };
		4C3F2B0A262E2EF500CFDD4E /* HomeViewController.swift */ = {isa = PBXFileReference; lastKnownFileType = sourcecode.swift; path = HomeViewController.swift; sourceTree = "<group>"; };
		4C3F2B10262E32D900CFDD4E /* AllSport.swift */ = {isa = PBXFileReference; lastKnownFileType = sourcecode.swift; path = AllSport.swift; sourceTree = "<group>"; };
		4C3F2B15262E396000CFDD4E /* HomeExtension.swift */ = {isa = PBXFileReference; lastKnownFileType = sourcecode.swift; path = HomeExtension.swift; sourceTree = "<group>"; };
		4C3F2B1A262E3C4900CFDD4E /* AllSportsApi.swift */ = {isa = PBXFileReference; lastKnownFileType = sourcecode.swift; path = AllSportsApi.swift; sourceTree = "<group>"; };
		E9594AA4262DD3AC00A9CF42 /* SportsApp.app */ = {isa = PBXFileReference; explicitFileType = wrapper.application; includeInIndex = 0; path = SportsApp.app; sourceTree = BUILT_PRODUCTS_DIR; };
		E9594AA7262DD3AC00A9CF42 /* AppDelegate.swift */ = {isa = PBXFileReference; lastKnownFileType = sourcecode.swift; path = AppDelegate.swift; sourceTree = "<group>"; };
		E9594AA9262DD3AC00A9CF42 /* SceneDelegate.swift */ = {isa = PBXFileReference; lastKnownFileType = sourcecode.swift; path = SceneDelegate.swift; sourceTree = "<group>"; };
		E9594AAB262DD3AC00A9CF42 /* ViewController.swift */ = {isa = PBXFileReference; lastKnownFileType = sourcecode.swift; path = ViewController.swift; sourceTree = "<group>"; };
		E9594AAE262DD3AC00A9CF42 /* Base */ = {isa = PBXFileReference; lastKnownFileType = file.storyboard; name = Base; path = Base.lproj/Main.storyboard; sourceTree = "<group>"; };
		E9594AB1262DD3AC00A9CF42 /* SportsApp.xcdatamodel */ = {isa = PBXFileReference; lastKnownFileType = wrapper.xcdatamodel; path = SportsApp.xcdatamodel; sourceTree = "<group>"; };
		E9594AB3262DD3B800A9CF42 /* Assets.xcassets */ = {isa = PBXFileReference; lastKnownFileType = folder.assetcatalog; path = Assets.xcassets; sourceTree = "<group>"; };
		E9594AB6262DD3B900A9CF42 /* Base */ = {isa = PBXFileReference; lastKnownFileType = file.storyboard; name = Base; path = Base.lproj/LaunchScreen.storyboard; sourceTree = "<group>"; };
		E9594AB8262DD3B900A9CF42 /* Info.plist */ = {isa = PBXFileReference; lastKnownFileType = text.plist.xml; path = Info.plist; sourceTree = "<group>"; };
		E9594ABD262DD3BA00A9CF42 /* SportsAppTests.xctest */ = {isa = PBXFileReference; explicitFileType = wrapper.cfbundle; includeInIndex = 0; path = SportsAppTests.xctest; sourceTree = BUILT_PRODUCTS_DIR; };
		E9594AC1262DD3BA00A9CF42 /* SportsAppTests.swift */ = {isa = PBXFileReference; lastKnownFileType = sourcecode.swift; path = SportsAppTests.swift; sourceTree = "<group>"; };
		E9594AC3262DD3BA00A9CF42 /* Info.plist */ = {isa = PBXFileReference; lastKnownFileType = text.plist.xml; path = Info.plist; sourceTree = "<group>"; };
		E9594AC8262DD3BA00A9CF42 /* SportsAppUITests.xctest */ = {isa = PBXFileReference; explicitFileType = wrapper.cfbundle; includeInIndex = 0; path = SportsAppUITests.xctest; sourceTree = BUILT_PRODUCTS_DIR; };
		E9594ACC262DD3BA00A9CF42 /* SportsAppUITests.swift */ = {isa = PBXFileReference; lastKnownFileType = sourcecode.swift; path = SportsAppUITests.swift; sourceTree = "<group>"; };
		E9594ACE262DD3BA00A9CF42 /* Info.plist */ = {isa = PBXFileReference; lastKnownFileType = text.plist.xml; path = Info.plist; sourceTree = "<group>"; };
/* End PBXFileReference section */

/* Begin PBXFrameworksBuildPhase section */
		E9594AA1262DD3AC00A9CF42 /* Frameworks */ = {
			isa = PBXFrameworksBuildPhase;
			buildActionMask = 2147483647;
			files = (
			);
			runOnlyForDeploymentPostprocessing = 0;
		};
		E9594ABA262DD3BA00A9CF42 /* Frameworks */ = {
			isa = PBXFrameworksBuildPhase;
			buildActionMask = 2147483647;
			files = (
			);
			runOnlyForDeploymentPostprocessing = 0;
		};
		E9594AC5262DD3BA00A9CF42 /* Frameworks */ = {
			isa = PBXFrameworksBuildPhase;
			buildActionMask = 2147483647;
			files = (
			);
			runOnlyForDeploymentPostprocessing = 0;
		};
/* End PBXFrameworksBuildPhase section */

/* Begin PBXGroup section */
		4C3F2A6C262DB94E00CFDD4E /* Views */ = {
			isa = PBXGroup;
			children = (
				E9594AAD262DD3AC00A9CF42 /* Main.storyboard */,
			);
			path = Views;
			sourceTree = "<group>";
		};
		4C3F2AFF262DC16C00CFDD4E /* Controllers */ = {
			isa = PBXGroup;
			children = (
				4C3F2B01262DC18000CFDD4E /* Favorite */,
				4C3F2B00262DC17900CFDD4E /* Home */,
			);
			path = Controllers;
			sourceTree = "<group>";
		};
		4C3F2B00262DC17900CFDD4E /* Home */ = {
			isa = PBXGroup;
			children = (
				4C3F2B05262E2EA800CFDD4E /* HomeCollectionViewCell.swift */,
				4C3F2B0A262E2EF500CFDD4E /* HomeViewController.swift */,
				4C3F2B15262E396000CFDD4E /* HomeExtension.swift */,
				4C3F2B1A262E3C4900CFDD4E /* AllSportsApi.swift */,
			);
			path = Home;
			sourceTree = "<group>";
		};
		4C3F2B01262DC18000CFDD4E /* Favorite */ = {
			isa = PBXGroup;
			children = (
			);
			path = Favorite;
			sourceTree = "<group>";
		};
		4C3F2B0F262E329500CFDD4E /* POJOs */ = {
			isa = PBXGroup;
			children = (
				4C3F2B10262E32D900CFDD4E /* AllSport.swift */,
			);
			path = POJOs;
			sourceTree = "<group>";
		};
		E9594A9B262DD3AC00A9CF42 = {
			isa = PBXGroup;
			children = (
				E9594AA6262DD3AC00A9CF42 /* SportsApp */,
				E9594AC0262DD3BA00A9CF42 /* SportsAppTests */,
				E9594ACB262DD3BA00A9CF42 /* SportsAppUITests */,
				E9594AA5262DD3AC00A9CF42 /* Products */,
			);
			sourceTree = "<group>";
		};
		E9594AA5262DD3AC00A9CF42 /* Products */ = {
			isa = PBXGroup;
			children = (
				E9594AA4262DD3AC00A9CF42 /* SportsApp.app */,
				E9594ABD262DD3BA00A9CF42 /* SportsAppTests.xctest */,
				E9594AC8262DD3BA00A9CF42 /* SportsAppUITests.xctest */,
			);
			name = Products;
			sourceTree = "<group>";
		};
		E9594AA6262DD3AC00A9CF42 /* SportsApp */ = {
			isa = PBXGroup;
			children = (
				4C3F2B0F262E329500CFDD4E /* POJOs */,
				4C3F2AFF262DC16C00CFDD4E /* Controllers */,
				4C3F2A6C262DB94E00CFDD4E /* Views */,
				E9594AA7262DD3AC00A9CF42 /* AppDelegate.swift */,
				E9594AA9262DD3AC00A9CF42 /* SceneDelegate.swift */,
				E9594AAB262DD3AC00A9CF42 /* ViewController.swift */,
				E9594AB3262DD3B800A9CF42 /* Assets.xcassets */,
				E9594AB5262DD3B900A9CF42 /* LaunchScreen.storyboard */,
				E9594AB8262DD3B900A9CF42 /* Info.plist */,
				E9594AB0262DD3AC00A9CF42 /* SportsApp.xcdatamodeld */,
			);
			path = SportsApp;
			sourceTree = "<group>";
		};
		E9594AC0262DD3BA00A9CF42 /* SportsAppTests */ = {
			isa = PBXGroup;
			children = (
				E9594AC1262DD3BA00A9CF42 /* SportsAppTests.swift */,
				E9594AC3262DD3BA00A9CF42 /* Info.plist */,
			);
			path = SportsAppTests;
			sourceTree = "<group>";
		};
		E9594ACB262DD3BA00A9CF42 /* SportsAppUITests */ = {
			isa = PBXGroup;
			children = (
				E9594ACC262DD3BA00A9CF42 /* SportsAppUITests.swift */,
				E9594ACE262DD3BA00A9CF42 /* Info.plist */,
			);
			path = SportsAppUITests;
			sourceTree = "<group>";
		};
/* End PBXGroup section */

/* Begin PBXNativeTarget section */
		E9594AA3262DD3AC00A9CF42 /* SportsApp */ = {
			isa = PBXNativeTarget;
			buildConfigurationList = E9594AD1262DD3BA00A9CF42 /* Build configuration list for PBXNativeTarget "SportsApp" */;
			buildPhases = (
				E9594AA0262DD3AC00A9CF42 /* Sources */,
				E9594AA1262DD3AC00A9CF42 /* Frameworks */,
				E9594AA2262DD3AC00A9CF42 /* Resources */,
			);
			buildRules = (
			);
			dependencies = (
			);
			name = SportsApp;
			productName = SportsApp;
			productReference = E9594AA4262DD3AC00A9CF42 /* SportsApp.app */;
			productType = "com.apple.product-type.application";
		};
		E9594ABC262DD3BA00A9CF42 /* SportsAppTests */ = {
			isa = PBXNativeTarget;
			buildConfigurationList = E9594AD4262DD3BA00A9CF42 /* Build configuration list for PBXNativeTarget "SportsAppTests" */;
			buildPhases = (
				E9594AB9262DD3BA00A9CF42 /* Sources */,
				E9594ABA262DD3BA00A9CF42 /* Frameworks */,
				E9594ABB262DD3BA00A9CF42 /* Resources */,
			);
			buildRules = (
			);
			dependencies = (
				E9594ABF262DD3BA00A9CF42 /* PBXTargetDependency */,
			);
			name = SportsAppTests;
			productName = SportsAppTests;
			productReference = E9594ABD262DD3BA00A9CF42 /* SportsAppTests.xctest */;
			productType = "com.apple.product-type.bundle.unit-test";
		};
		E9594AC7262DD3BA00A9CF42 /* SportsAppUITests */ = {
			isa = PBXNativeTarget;
			buildConfigurationList = E9594AD7262DD3BA00A9CF42 /* Build configuration list for PBXNativeTarget "SportsAppUITests" */;
			buildPhases = (
				E9594AC4262DD3BA00A9CF42 /* Sources */,
				E9594AC5262DD3BA00A9CF42 /* Frameworks */,
				E9594AC6262DD3BA00A9CF42 /* Resources */,
			);
			buildRules = (
			);
			dependencies = (
				E9594ACA262DD3BA00A9CF42 /* PBXTargetDependency */,
			);
			name = SportsAppUITests;
			productName = SportsAppUITests;
			productReference = E9594AC8262DD3BA00A9CF42 /* SportsAppUITests.xctest */;
			productType = "com.apple.product-type.bundle.ui-testing";
		};
/* End PBXNativeTarget section */

/* Begin PBXProject section */
		E9594A9C262DD3AC00A9CF42 /* Project object */ = {
			isa = PBXProject;
			attributes = {
				LastSwiftUpdateCheck = 1140;
				LastUpgradeCheck = 1140;
				ORGANIZATIONNAME = fayza;
				TargetAttributes = {
					E9594AA3262DD3AC00A9CF42 = {
						CreatedOnToolsVersion = 11.4;
					};
					E9594ABC262DD3BA00A9CF42 = {
						CreatedOnToolsVersion = 11.4;
						TestTargetID = E9594AA3262DD3AC00A9CF42;
					};
					E9594AC7262DD3BA00A9CF42 = {
						CreatedOnToolsVersion = 11.4;
						TestTargetID = E9594AA3262DD3AC00A9CF42;
					};
				};
			};
			buildConfigurationList = E9594A9F262DD3AC00A9CF42 /* Build configuration list for PBXProject "SportsApp" */;
			compatibilityVersion = "Xcode 9.3";
			developmentRegion = en;
			hasScannedForEncodings = 0;
			knownRegions = (
				en,
				Base,
			);
			mainGroup = E9594A9B262DD3AC00A9CF42;
			productRefGroup = E9594AA5262DD3AC00A9CF42 /* Products */;
			projectDirPath = "";
			projectRoot = "";
			targets = (
				E9594AA3262DD3AC00A9CF42 /* SportsApp */,
				E9594ABC262DD3BA00A9CF42 /* SportsAppTests */,
				E9594AC7262DD3BA00A9CF42 /* SportsAppUITests */,
			);
		};
/* End PBXProject section */

/* Begin PBXResourcesBuildPhase section */
		E9594AA2262DD3AC00A9CF42 /* Resources */ = {
			isa = PBXResourcesBuildPhase;
			buildActionMask = 2147483647;
			files = (
				E9594AB7262DD3B900A9CF42 /* LaunchScreen.storyboard in Resources */,
				E9594AB4262DD3B800A9CF42 /* Assets.xcassets in Resources */,
				E9594AAF262DD3AC00A9CF42 /* Main.storyboard in Resources */,
			);
			runOnlyForDeploymentPostprocessing = 0;
		};
		E9594ABB262DD3BA00A9CF42 /* Resources */ = {
			isa = PBXResourcesBuildPhase;
			buildActionMask = 2147483647;
			files = (
			);
			runOnlyForDeploymentPostprocessing = 0;
		};
		E9594AC6262DD3BA00A9CF42 /* Resources */ = {
			isa = PBXResourcesBuildPhase;
			buildActionMask = 2147483647;
			files = (
			);
			runOnlyForDeploymentPostprocessing = 0;
		};
/* End PBXResourcesBuildPhase section */

/* Begin PBXSourcesBuildPhase section */
		E9594AA0262DD3AC00A9CF42 /* Sources */ = {
			isa = PBXSourcesBuildPhase;
			buildActionMask = 2147483647;
			files = (
				4C3F2B06262E2EA800CFDD4E /* HomeCollectionViewCell.swift in Sources */,
				E9594AAC262DD3AC00A9CF42 /* ViewController.swift in Sources */,
				E9594AA8262DD3AC00A9CF42 /* AppDelegate.swift in Sources */,
				E9594AB2262DD3AC00A9CF42 /* SportsApp.xcdatamodeld in Sources */,
				4C3F2B16262E396000CFDD4E /* HomeExtension.swift in Sources */,
				E9594AAA262DD3AC00A9CF42 /* SceneDelegate.swift in Sources */,
				4C3F2B1B262E3C4900CFDD4E /* AllSportsApi.swift in Sources */,
				4C3F2B0B262E2EF500CFDD4E /* HomeViewController.swift in Sources */,
				4C3F2B11262E32D900CFDD4E /* AllSport.swift in Sources */,
			);
			runOnlyForDeploymentPostprocessing = 0;
		};
		E9594AB9262DD3BA00A9CF42 /* Sources */ = {
			isa = PBXSourcesBuildPhase;
			buildActionMask = 2147483647;
			files = (
				E9594AC2262DD3BA00A9CF42 /* SportsAppTests.swift in Sources */,
			);
			runOnlyForDeploymentPostprocessing = 0;
		};
		E9594AC4262DD3BA00A9CF42 /* Sources */ = {
			isa = PBXSourcesBuildPhase;
			buildActionMask = 2147483647;
			files = (
				E9594ACD262DD3BA00A9CF42 /* SportsAppUITests.swift in Sources */,
			);
			runOnlyForDeploymentPostprocessing = 0;
		};
/* End PBXSourcesBuildPhase section */

/* Begin PBXTargetDependency section */
		E9594ABF262DD3BA00A9CF42 /* PBXTargetDependency */ = {
			isa = PBXTargetDependency;
			target = E9594AA3262DD3AC00A9CF42 /* SportsApp */;
			targetProxy = E9594ABE262DD3BA00A9CF42 /* PBXContainerItemProxy */;
		};
		E9594ACA262DD3BA00A9CF42 /* PBXTargetDependency */ = {
			isa = PBXTargetDependency;
			target = E9594AA3262DD3AC00A9CF42 /* SportsApp */;
			targetProxy = E9594AC9262DD3BA00A9CF42 /* PBXContainerItemProxy */;
		};
/* End PBXTargetDependency section */

/* Begin PBXVariantGroup section */
		E9594AAD262DD3AC00A9CF42 /* Main.storyboard */ = {
			isa = PBXVariantGroup;
			children = (
				E9594AAE262DD3AC00A9CF42 /* Base */,
			);
			name = Main.storyboard;
			sourceTree = "<group>";
		};
		E9594AB5262DD3B900A9CF42 /* LaunchScreen.storyboard */ = {
			isa = PBXVariantGroup;
			children = (
				E9594AB6262DD3B900A9CF42 /* Base */,
			);
			name = LaunchScreen.storyboard;
			sourceTree = "<group>";
		};
/* End PBXVariantGroup section */

/* Begin XCBuildConfiguration section */
		E9594ACF262DD3BA00A9CF42 /* Debug */ = {
			isa = XCBuildConfiguration;
			buildSettings = {
				ALWAYS_SEARCH_USER_PATHS = NO;
				CLANG_ANALYZER_NONNULL = YES;
				CLANG_ANALYZER_NUMBER_OBJECT_CONVERSION = YES_AGGRESSIVE;
				CLANG_CXX_LANGUAGE_STANDARD = "gnu++14";
				CLANG_CXX_LIBRARY = "libc++";
				CLANG_ENABLE_MODULES = YES;
				CLANG_ENABLE_OBJC_ARC = YES;
				CLANG_ENABLE_OBJC_WEAK = YES;
				CLANG_WARN_BLOCK_CAPTURE_AUTORELEASING = YES;
				CLANG_WARN_BOOL_CONVERSION = YES;
				CLANG_WARN_COMMA = YES;
				CLANG_WARN_CONSTANT_CONVERSION = YES;
				CLANG_WARN_DEPRECATED_OBJC_IMPLEMENTATIONS = YES;
				CLANG_WARN_DIRECT_OBJC_ISA_USAGE = YES_ERROR;
				CLANG_WARN_DOCUMENTATION_COMMENTS = YES;
				CLANG_WARN_EMPTY_BODY = YES;
				CLANG_WARN_ENUM_CONVERSION = YES;
				CLANG_WARN_INFINITE_RECURSION = YES;
				CLANG_WARN_INT_CONVERSION = YES;
				CLANG_WARN_NON_LITERAL_NULL_CONVERSION = YES;
				CLANG_WARN_OBJC_IMPLICIT_RETAIN_SELF = YES;
				CLANG_WARN_OBJC_LITERAL_CONVERSION = YES;
				CLANG_WARN_OBJC_ROOT_CLASS = YES_ERROR;
				CLANG_WARN_RANGE_LOOP_ANALYSIS = YES;
				CLANG_WARN_STRICT_PROTOTYPES = YES;
				CLANG_WARN_SUSPICIOUS_MOVE = YES;
				CLANG_WARN_UNGUARDED_AVAILABILITY = YES_AGGRESSIVE;
				CLANG_WARN_UNREACHABLE_CODE = YES;
				CLANG_WARN__DUPLICATE_METHOD_MATCH = YES;
				COPY_PHASE_STRIP = NO;
				DEBUG_INFORMATION_FORMAT = dwarf;
				ENABLE_STRICT_OBJC_MSGSEND = YES;
				ENABLE_TESTABILITY = YES;
				GCC_C_LANGUAGE_STANDARD = gnu11;
				GCC_DYNAMIC_NO_PIC = NO;
				GCC_NO_COMMON_BLOCKS = YES;
				GCC_OPTIMIZATION_LEVEL = 0;
				GCC_PREPROCESSOR_DEFINITIONS = (
					"DEBUG=1",
					"$(inherited)",
				);
				GCC_WARN_64_TO_32_BIT_CONVERSION = YES;
				GCC_WARN_ABOUT_RETURN_TYPE = YES_ERROR;
				GCC_WARN_UNDECLARED_SELECTOR = YES;
				GCC_WARN_UNINITIALIZED_AUTOS = YES_AGGRESSIVE;
				GCC_WARN_UNUSED_FUNCTION = YES;
				GCC_WARN_UNUSED_VARIABLE = YES;
				IPHONEOS_DEPLOYMENT_TARGET = 13.4;
				MTL_ENABLE_DEBUG_INFO = INCLUDE_SOURCE;
				MTL_FAST_MATH = YES;
				ONLY_ACTIVE_ARCH = YES;
				SDKROOT = iphoneos;
				SWIFT_ACTIVE_COMPILATION_CONDITIONS = DEBUG;
				SWIFT_OPTIMIZATION_LEVEL = "-Onone";
			};
			name = Debug;
		};
		E9594AD0262DD3BA00A9CF42 /* Release */ = {
			isa = XCBuildConfiguration;
			buildSettings = {
				ALWAYS_SEARCH_USER_PATHS = NO;
				CLANG_ANALYZER_NONNULL = YES;
				CLANG_ANALYZER_NUMBER_OBJECT_CONVERSION = YES_AGGRESSIVE;
				CLANG_CXX_LANGUAGE_STANDARD = "gnu++14";
				CLANG_CXX_LIBRARY = "libc++";
				CLANG_ENABLE_MODULES = YES;
				CLANG_ENABLE_OBJC_ARC = YES;
				CLANG_ENABLE_OBJC_WEAK = YES;
				CLANG_WARN_BLOCK_CAPTURE_AUTORELEASING = YES;
				CLANG_WARN_BOOL_CONVERSION = YES;
				CLANG_WARN_COMMA = YES;
				CLANG_WARN_CONSTANT_CONVERSION = YES;
				CLANG_WARN_DEPRECATED_OBJC_IMPLEMENTATIONS = YES;
				CLANG_WARN_DIRECT_OBJC_ISA_USAGE = YES_ERROR;
				CLANG_WARN_DOCUMENTATION_COMMENTS = YES;
				CLANG_WARN_EMPTY_BODY = YES;
				CLANG_WARN_ENUM_CONVERSION = YES;
				CLANG_WARN_INFINITE_RECURSION = YES;
				CLANG_WARN_INT_CONVERSION = YES;
				CLANG_WARN_NON_LITERAL_NULL_CONVERSION = YES;
				CLANG_WARN_OBJC_IMPLICIT_RETAIN_SELF = YES;
				CLANG_WARN_OBJC_LITERAL_CONVERSION = YES;
				CLANG_WARN_OBJC_ROOT_CLASS = YES_ERROR;
				CLANG_WARN_RANGE_LOOP_ANALYSIS = YES;
				CLANG_WARN_STRICT_PROTOTYPES = YES;
				CLANG_WARN_SUSPICIOUS_MOVE = YES;
				CLANG_WARN_UNGUARDED_AVAILABILITY = YES_AGGRESSIVE;
				CLANG_WARN_UNREACHABLE_CODE = YES;
				CLANG_WARN__DUPLICATE_METHOD_MATCH = YES;
				COPY_PHASE_STRIP = NO;
				DEBUG_INFORMATION_FORMAT = "dwarf-with-dsym";
				ENABLE_NS_ASSERTIONS = NO;
				ENABLE_STRICT_OBJC_MSGSEND = YES;
				GCC_C_LANGUAGE_STANDARD = gnu11;
				GCC_NO_COMMON_BLOCKS = YES;
				GCC_WARN_64_TO_32_BIT_CONVERSION = YES;
				GCC_WARN_ABOUT_RETURN_TYPE = YES_ERROR;
				GCC_WARN_UNDECLARED_SELECTOR = YES;
				GCC_WARN_UNINITIALIZED_AUTOS = YES_AGGRESSIVE;
				GCC_WARN_UNUSED_FUNCTION = YES;
				GCC_WARN_UNUSED_VARIABLE = YES;
				IPHONEOS_DEPLOYMENT_TARGET = 13.4;
				MTL_ENABLE_DEBUG_INFO = NO;
				MTL_FAST_MATH = YES;
				SDKROOT = iphoneos;
				SWIFT_COMPILATION_MODE = wholemodule;
				SWIFT_OPTIMIZATION_LEVEL = "-O";
				VALIDATE_PRODUCT = YES;
			};
			name = Release;
		};
		E9594AD2262DD3BA00A9CF42 /* Debug */ = {
			isa = XCBuildConfiguration;
			buildSettings = {
				ASSETCATALOG_COMPILER_APPICON_NAME = AppIcon;
				CODE_SIGN_STYLE = Automatic;
				INFOPLIST_FILE = SportsApp/Info.plist;
				LD_RUNPATH_SEARCH_PATHS = (
					"$(inherited)",
					"@executable_path/Frameworks",
				);
				PRODUCT_BUNDLE_IDENTIFIER = fayza.SportsApp;
				PRODUCT_NAME = "$(TARGET_NAME)";
				SWIFT_VERSION = 5.0;
				TARGETED_DEVICE_FAMILY = "1,2";
			};
			name = Debug;
		};
		E9594AD3262DD3BA00A9CF42 /* Release */ = {
			isa = XCBuildConfiguration;
			buildSettings = {
				ASSETCATALOG_COMPILER_APPICON_NAME = AppIcon;
				CODE_SIGN_STYLE = Automatic;
				INFOPLIST_FILE = SportsApp/Info.plist;
				LD_RUNPATH_SEARCH_PATHS = (
					"$(inherited)",
					"@executable_path/Frameworks",
				);
				PRODUCT_BUNDLE_IDENTIFIER = fayza.SportsApp;
				PRODUCT_NAME = "$(TARGET_NAME)";
				SWIFT_VERSION = 5.0;
				TARGETED_DEVICE_FAMILY = "1,2";
			};
			name = Release;
		};
		E9594AD5262DD3BA00A9CF42 /* Debug */ = {
			isa = XCBuildConfiguration;
			buildSettings = {
				ALWAYS_EMBED_SWIFT_STANDARD_LIBRARIES = YES;
				BUNDLE_LOADER = "$(TEST_HOST)";
				CODE_SIGN_STYLE = Automatic;
				INFOPLIST_FILE = SportsAppTests/Info.plist;
				IPHONEOS_DEPLOYMENT_TARGET = 13.4;
				LD_RUNPATH_SEARCH_PATHS = (
					"$(inherited)",
					"@executable_path/Frameworks",
					"@loader_path/Frameworks",
				);
				PRODUCT_BUNDLE_IDENTIFIER = fayza.SportsAppTests;
				PRODUCT_NAME = "$(TARGET_NAME)";
				SWIFT_VERSION = 5.0;
				TARGETED_DEVICE_FAMILY = "1,2";
				TEST_HOST = "$(BUILT_PRODUCTS_DIR)/SportsApp.app/SportsApp";
			};
			name = Debug;
		};
		E9594AD6262DD3BA00A9CF42 /* Release */ = {
			isa = XCBuildConfiguration;
			buildSettings = {
				ALWAYS_EMBED_SWIFT_STANDARD_LIBRARIES = YES;
				BUNDLE_LOADER = "$(TEST_HOST)";
				CODE_SIGN_STYLE = Automatic;
				INFOPLIST_FILE = SportsAppTests/Info.plist;
				IPHONEOS_DEPLOYMENT_TARGET = 13.4;
				LD_RUNPATH_SEARCH_PATHS = (
					"$(inherited)",
					"@executable_path/Frameworks",
					"@loader_path/Frameworks",
				);
				PRODUCT_BUNDLE_IDENTIFIER = fayza.SportsAppTests;
				PRODUCT_NAME = "$(TARGET_NAME)";
				SWIFT_VERSION = 5.0;
				TARGETED_DEVICE_FAMILY = "1,2";
				TEST_HOST = "$(BUILT_PRODUCTS_DIR)/SportsApp.app/SportsApp";
			};
			name = Release;
		};
		E9594AD8262DD3BA00A9CF42 /* Debug */ = {
			isa = XCBuildConfiguration;
			buildSettings = {
				ALWAYS_EMBED_SWIFT_STANDARD_LIBRARIES = YES;
				CODE_SIGN_STYLE = Automatic;
				INFOPLIST_FILE = SportsAppUITests/Info.plist;
				LD_RUNPATH_SEARCH_PATHS = (
					"$(inherited)",
					"@executable_path/Frameworks",
					"@loader_path/Frameworks",
				);
				PRODUCT_BUNDLE_IDENTIFIER = fayza.SportsAppUITests;
				PRODUCT_NAME = "$(TARGET_NAME)";
				SWIFT_VERSION = 5.0;
				TARGETED_DEVICE_FAMILY = "1,2";
				TEST_TARGET_NAME = SportsApp;
			};
			name = Debug;
		};
		E9594AD9262DD3BA00A9CF42 /* Release */ = {
			isa = XCBuildConfiguration;
			buildSettings = {
				ALWAYS_EMBED_SWIFT_STANDARD_LIBRARIES = YES;
				CODE_SIGN_STYLE = Automatic;
				INFOPLIST_FILE = SportsAppUITests/Info.plist;
				LD_RUNPATH_SEARCH_PATHS = (
					"$(inherited)",
					"@executable_path/Frameworks",
					"@loader_path/Frameworks",
				);
				PRODUCT_BUNDLE_IDENTIFIER = fayza.SportsAppUITests;
				PRODUCT_NAME = "$(TARGET_NAME)";
				SWIFT_VERSION = 5.0;
				TARGETED_DEVICE_FAMILY = "1,2";
				TEST_TARGET_NAME = SportsApp;
			};
			name = Release;
		};
/* End XCBuildConfiguration section */

/* Begin XCConfigurationList section */
		E9594A9F262DD3AC00A9CF42 /* Build configuration list for PBXProject "SportsApp" */ = {
			isa = XCConfigurationList;
			buildConfigurations = (
				E9594ACF262DD3BA00A9CF42 /* Debug */,
				E9594AD0262DD3BA00A9CF42 /* Release */,
			);
			defaultConfigurationIsVisible = 0;
			defaultConfigurationName = Release;
		};
		E9594AD1262DD3BA00A9CF42 /* Build configuration list for PBXNativeTarget "SportsApp" */ = {
			isa = XCConfigurationList;
			buildConfigurations = (
				E9594AD2262DD3BA00A9CF42 /* Debug */,
				E9594AD3262DD3BA00A9CF42 /* Release */,
			);
			defaultConfigurationIsVisible = 0;
			defaultConfigurationName = Release;
		};
		E9594AD4262DD3BA00A9CF42 /* Build configuration list for PBXNativeTarget "SportsAppTests" */ = {
			isa = XCConfigurationList;
			buildConfigurations = (
				E9594AD5262DD3BA00A9CF42 /* Debug */,
				E9594AD6262DD3BA00A9CF42 /* Release */,
			);
			defaultConfigurationIsVisible = 0;
			defaultConfigurationName = Release;
		};
		E9594AD7262DD3BA00A9CF42 /* Build configuration list for PBXNativeTarget "SportsAppUITests" */ = {
			isa = XCConfigurationList;
			buildConfigurations = (
				E9594AD8262DD3BA00A9CF42 /* Debug */,
				E9594AD9262DD3BA00A9CF42 /* Release */,
			);
			defaultConfigurationIsVisible = 0;
			defaultConfigurationName = Release;
		};
/* End XCConfigurationList section */

/* Begin XCVersionGroup section */
		E9594AB0262DD3AC00A9CF42 /* SportsApp.xcdatamodeld */ = {
			isa = XCVersionGroup;
			children = (
				E9594AB1262DD3AC00A9CF42 /* SportsApp.xcdatamodel */,
			);
			currentVersion = E9594AB1262DD3AC00A9CF42 /* SportsApp.xcdatamodel */;
			path = SportsApp.xcdatamodeld;
			sourceTree = "<group>";
			versionGroupType = wrapper.xcdatamodel;
		};
/* End XCVersionGroup section */
	};
	rootObject = E9594A9C262DD3AC00A9CF42 /* Project object */;
}
